// !$*UTF8*$!
{
	archiveVersion = 1;
	classes = {
	};
	objectVersion = 46;
	objects = {

/* Begin PBXBuildFile section */
		33542493721BBDDE8F2031C6 /* Pods_MeMailer5000Tests.framework in Frameworks */ = {isa = PBXBuildFile; fileRef = 0FB62A14EA431F1C163BA632 /* Pods_MeMailer5000Tests.framework */; };
		AAA088F767FEF5325B7376AE /* Pods_MeMailer5000.framework in Frameworks */ = {isa = PBXBuildFile; fileRef = 34946F08527E6EFDE941A601 /* Pods_MeMailer5000.framework */; };
		C31279C31E3EF09900F52C31 /* Address.swift in Sources */ = {isa = PBXBuildFile; fileRef = C31279C21E3EF09900F52C31 /* Address.swift */; };
		C330B6371E46A17100928284 /* Result.swift in Sources */ = {isa = PBXBuildFile; fileRef = C330B6361E46A17100928284 /* Result.swift */; };
		C330B6391E46B51300928284 /* DatabaseController.swift in Sources */ = {isa = PBXBuildFile; fileRef = C330B6381E46B51300928284 /* DatabaseController.swift */; };
		C330B63B1E46B82800928284 /* AddressError.swift in Sources */ = {isa = PBXBuildFile; fileRef = C330B63A1E46B82800928284 /* AddressError.swift */; };
		C353083B1E3D163600E2BD8A /* AppDelegate.swift in Sources */ = {isa = PBXBuildFile; fileRef = C353083A1E3D163600E2BD8A /* AppDelegate.swift */; };
		C353083D1E3D163600E2BD8A /* CameraViewController.swift in Sources */ = {isa = PBXBuildFile; fileRef = C353083C1E3D163600E2BD8A /* CameraViewController.swift */; };
		C35308401E3D163600E2BD8A /* Camera.storyboard in Resources */ = {isa = PBXBuildFile; fileRef = C353083E1E3D163600E2BD8A /* Camera.storyboard */; };
		C35308421E3D163600E2BD8A /* Assets.xcassets in Resources */ = {isa = PBXBuildFile; fileRef = C35308411E3D163600E2BD8A /* Assets.xcassets */; };
		C35308451E3D163600E2BD8A /* LaunchScreen.storyboard in Resources */ = {isa = PBXBuildFile; fileRef = C35308431E3D163600E2BD8A /* LaunchScreen.storyboard */; };
		C35308501E3D163700E2BD8A /* MeMailer5000Tests.swift in Sources */ = {isa = PBXBuildFile; fileRef = C353084F1E3D163700E2BD8A /* MeMailer5000Tests.swift */; };
		C3683DDF1E46567100650A90 /* AddressListController.swift in Sources */ = {isa = PBXBuildFile; fileRef = C3683DDE1E46567100650A90 /* AddressListController.swift */; };
		C3683DE11E4657ED00650A90 /* AddressListViewModel.swift in Sources */ = {isa = PBXBuildFile; fileRef = C3683DE01E4657ED00650A90 /* AddressListViewModel.swift */; };
		C3683DE51E46594E00650A90 /* AddressCell.swift in Sources */ = {isa = PBXBuildFile; fileRef = C3683DE31E46594E00650A90 /* AddressCell.swift */; };
		C3683DE61E46594E00650A90 /* AddressCell.xib in Resources */ = {isa = PBXBuildFile; fileRef = C3683DE41E46594E00650A90 /* AddressCell.xib */; };
		C3683DE81E465D5900650A90 /* AddressList.storyboard in Resources */ = {isa = PBXBuildFile; fileRef = C3683DE71E465D5900650A90 /* AddressList.storyboard */; };
		C3683DEA1E46630900650A90 /* AddAddress.storyboard in Resources */ = {isa = PBXBuildFile; fileRef = C3683DE91E46630900650A90 /* AddAddress.storyboard */; };
		C3683DEE1E4664EE00650A90 /* AddAddressController.swift in Sources */ = {isa = PBXBuildFile; fileRef = C3683DEC1E4664EE00650A90 /* AddAddressController.swift */; };
		C3909B6C1E6AFC9200ED01F4 /* SentPostcardCell.swift in Sources */ = {isa = PBXBuildFile; fileRef = C3909B6A1E6AFC9200ED01F4 /* SentPostcardCell.swift */; };
		C3909B6D1E6AFC9200ED01F4 /* SentPostcardCell.xib in Resources */ = {isa = PBXBuildFile; fileRef = C3909B6B1E6AFC9200ED01F4 /* SentPostcardCell.xib */; };
		C3909B6F1E6B0C9D00ED01F4 /* ImageProvider.swift in Sources */ = {isa = PBXBuildFile; fileRef = C3909B6E1E6B0C9D00ED01F4 /* ImageProvider.swift */; };
		C396E7B81E5107B7009C4696 /* PostcardSender.swift in Sources */ = {isa = PBXBuildFile; fileRef = C396E7B71E5107B7009C4696 /* PostcardSender.swift */; };
		C396E7BA1E5109ED009C4696 /* NetworkClient.swift in Sources */ = {isa = PBXBuildFile; fileRef = C396E7B91E5109ED009C4696 /* NetworkClient.swift */; };
		C396E7BC1E5567F5009C4696 /* PostcardProvider.swift in Sources */ = {isa = PBXBuildFile; fileRef = C396E7BB1E5567F5009C4696 /* PostcardProvider.swift */; };
		C396E7BE1E5B901A009C4696 /* Postcard.swift in Sources */ = {isa = PBXBuildFile; fileRef = C396E7BD1E5B901A009C4696 /* Postcard.swift */; };
		C396E7C01E5B93A8009C4696 /* PostcardParser.swift in Sources */ = {isa = PBXBuildFile; fileRef = C396E7BF1E5B93A8009C4696 /* PostcardParser.swift */; };
		C396E7C21E5B93ED009C4696 /* PostcardError.swift in Sources */ = {isa = PBXBuildFile; fileRef = C396E7C11E5B93ED009C4696 /* PostcardError.swift */; };
		C3D6E8E71E6919A700E67874 /* Postcards.storyboard in Resources */ = {isa = PBXBuildFile; fileRef = C3D6E8E51E6919A700E67874 /* Postcards.storyboard */; };
		C3D6E8E81E6919A700E67874 /* SentPostcardsViewController.swift in Sources */ = {isa = PBXBuildFile; fileRef = C3D6E8E61E6919A700E67874 /* SentPostcardsViewController.swift */; };
		C3D6E8EB1E691C9400E67874 /* SentPostcardsViewModel.swift in Sources */ = {isa = PBXBuildFile; fileRef = C3D6E8EA1E691C9400E67874 /* SentPostcardsViewModel.swift */; };
		C3DB8C441E4057820076B7A3 /* AddressProvider.swift in Sources */ = {isa = PBXBuildFile; fileRef = C3DB8C431E4057820076B7A3 /* AddressProvider.swift */; };
		C3DB8C471E419D550076B7A3 /* AddressParser.swift in Sources */ = {isa = PBXBuildFile; fileRef = C3DB8C461E419D550076B7A3 /* AddressParser.swift */; };
/* End PBXBuildFile section */

/* Begin PBXContainerItemProxy section */
		C353084C1E3D163700E2BD8A /* PBXContainerItemProxy */ = {
			isa = PBXContainerItemProxy;
			containerPortal = C353082F1E3D163600E2BD8A /* Project object */;
			proxyType = 1;
			remoteGlobalIDString = C35308361E3D163600E2BD8A;
			remoteInfo = MeMailer5000;
		};
/* End PBXContainerItemProxy section */

/* Begin PBXFileReference section */
		058C9AD79B5002D2CD73264F /* Pods-MeMailer5000Tests.debug.xcconfig */ = {isa = PBXFileReference; includeInIndex = 1; lastKnownFileType = text.xcconfig; name = "Pods-MeMailer5000Tests.debug.xcconfig"; path = "Pods/Target Support Files/Pods-MeMailer5000Tests/Pods-MeMailer5000Tests.debug.xcconfig"; sourceTree = "<group>"; };
		0FB62A14EA431F1C163BA632 /* Pods_MeMailer5000Tests.framework */ = {isa = PBXFileReference; explicitFileType = wrapper.framework; includeInIndex = 0; path = Pods_MeMailer5000Tests.framework; sourceTree = BUILT_PRODUCTS_DIR; };
		34946F08527E6EFDE941A601 /* Pods_MeMailer5000.framework */ = {isa = PBXFileReference; explicitFileType = wrapper.framework; includeInIndex = 0; path = Pods_MeMailer5000.framework; sourceTree = BUILT_PRODUCTS_DIR; };
		45463C1CCAA9E085F0C996F0 /* Pods-MeMailer5000.release.xcconfig */ = {isa = PBXFileReference; includeInIndex = 1; lastKnownFileType = text.xcconfig; name = "Pods-MeMailer5000.release.xcconfig"; path = "Pods/Target Support Files/Pods-MeMailer5000/Pods-MeMailer5000.release.xcconfig"; sourceTree = "<group>"; };
		910C3EBB8C614BCD76D0661B /* Pods-MeMailer5000.debug.xcconfig */ = {isa = PBXFileReference; includeInIndex = 1; lastKnownFileType = text.xcconfig; name = "Pods-MeMailer5000.debug.xcconfig"; path = "Pods/Target Support Files/Pods-MeMailer5000/Pods-MeMailer5000.debug.xcconfig"; sourceTree = "<group>"; };
		B81E9763E941AC282E038598 /* Pods-MeMailer5000Tests.release.xcconfig */ = {isa = PBXFileReference; includeInIndex = 1; lastKnownFileType = text.xcconfig; name = "Pods-MeMailer5000Tests.release.xcconfig"; path = "Pods/Target Support Files/Pods-MeMailer5000Tests/Pods-MeMailer5000Tests.release.xcconfig"; sourceTree = "<group>"; };
		C31279C21E3EF09900F52C31 /* Address.swift */ = {isa = PBXFileReference; fileEncoding = 4; lastKnownFileType = sourcecode.swift; path = Address.swift; sourceTree = "<group>"; };
		C330B6361E46A17100928284 /* Result.swift */ = {isa = PBXFileReference; fileEncoding = 4; lastKnownFileType = sourcecode.swift; path = Result.swift; sourceTree = "<group>"; };
		C330B6381E46B51300928284 /* DatabaseController.swift */ = {isa = PBXFileReference; fileEncoding = 4; lastKnownFileType = sourcecode.swift; path = DatabaseController.swift; sourceTree = "<group>"; };
		C330B63A1E46B82800928284 /* AddressError.swift */ = {isa = PBXFileReference; fileEncoding = 4; lastKnownFileType = sourcecode.swift; path = AddressError.swift; sourceTree = "<group>"; };
		C35308371E3D163600E2BD8A /* MeMailer5000.app */ = {isa = PBXFileReference; explicitFileType = wrapper.application; includeInIndex = 0; path = MeMailer5000.app; sourceTree = BUILT_PRODUCTS_DIR; };
		C353083A1E3D163600E2BD8A /* AppDelegate.swift */ = {isa = PBXFileReference; lastKnownFileType = sourcecode.swift; path = AppDelegate.swift; sourceTree = "<group>"; };
		C353083C1E3D163600E2BD8A /* CameraViewController.swift */ = {isa = PBXFileReference; lastKnownFileType = sourcecode.swift; path = CameraViewController.swift; sourceTree = "<group>"; };
		C353083F1E3D163600E2BD8A /* Base */ = {isa = PBXFileReference; lastKnownFileType = file.storyboard; name = Base; path = Base.lproj/Camera.storyboard; sourceTree = "<group>"; };
		C35308411E3D163600E2BD8A /* Assets.xcassets */ = {isa = PBXFileReference; lastKnownFileType = folder.assetcatalog; path = Assets.xcassets; sourceTree = "<group>"; };
		C35308441E3D163600E2BD8A /* Base */ = {isa = PBXFileReference; lastKnownFileType = file.storyboard; name = Base; path = Base.lproj/LaunchScreen.storyboard; sourceTree = "<group>"; };
		C35308461E3D163600E2BD8A /* Info.plist */ = {isa = PBXFileReference; lastKnownFileType = text.plist.xml; path = Info.plist; sourceTree = "<group>"; };
		C353084B1E3D163700E2BD8A /* MeMailer5000Tests.xctest */ = {isa = PBXFileReference; explicitFileType = wrapper.cfbundle; includeInIndex = 0; path = MeMailer5000Tests.xctest; sourceTree = BUILT_PRODUCTS_DIR; };
		C353084F1E3D163700E2BD8A /* MeMailer5000Tests.swift */ = {isa = PBXFileReference; lastKnownFileType = sourcecode.swift; path = MeMailer5000Tests.swift; sourceTree = "<group>"; };
		C35308511E3D163700E2BD8A /* Info.plist */ = {isa = PBXFileReference; lastKnownFileType = text.plist.xml; path = Info.plist; sourceTree = "<group>"; };
		C3683DDE1E46567100650A90 /* AddressListController.swift */ = {isa = PBXFileReference; fileEncoding = 4; lastKnownFileType = sourcecode.swift; path = AddressListController.swift; sourceTree = "<group>"; };
		C3683DE01E4657ED00650A90 /* AddressListViewModel.swift */ = {isa = PBXFileReference; fileEncoding = 4; lastKnownFileType = sourcecode.swift; path = AddressListViewModel.swift; sourceTree = "<group>"; };
		C3683DE31E46594E00650A90 /* AddressCell.swift */ = {isa = PBXFileReference; fileEncoding = 4; lastKnownFileType = sourcecode.swift; path = AddressCell.swift; sourceTree = "<group>"; };
		C3683DE41E46594E00650A90 /* AddressCell.xib */ = {isa = PBXFileReference; fileEncoding = 4; lastKnownFileType = file.xib; path = AddressCell.xib; sourceTree = "<group>"; };
		C3683DE71E465D5900650A90 /* AddressList.storyboard */ = {isa = PBXFileReference; fileEncoding = 4; lastKnownFileType = file.storyboard; path = AddressList.storyboard; sourceTree = "<group>"; };
		C3683DE91E46630900650A90 /* AddAddress.storyboard */ = {isa = PBXFileReference; fileEncoding = 4; lastKnownFileType = file.storyboard; path = AddAddress.storyboard; sourceTree = "<group>"; };
		C3683DEC1E4664EE00650A90 /* AddAddressController.swift */ = {isa = PBXFileReference; fileEncoding = 4; lastKnownFileType = sourcecode.swift; path = AddAddressController.swift; sourceTree = "<group>"; };
		C3909B6A1E6AFC9200ED01F4 /* SentPostcardCell.swift */ = {isa = PBXFileReference; fileEncoding = 4; lastKnownFileType = sourcecode.swift; path = SentPostcardCell.swift; sourceTree = "<group>"; };
		C3909B6B1E6AFC9200ED01F4 /* SentPostcardCell.xib */ = {isa = PBXFileReference; fileEncoding = 4; lastKnownFileType = file.xib; path = SentPostcardCell.xib; sourceTree = "<group>"; };
		C3909B6E1E6B0C9D00ED01F4 /* ImageProvider.swift */ = {isa = PBXFileReference; fileEncoding = 4; lastKnownFileType = sourcecode.swift; path = ImageProvider.swift; sourceTree = "<group>"; };
		C396E7B71E5107B7009C4696 /* PostcardSender.swift */ = {isa = PBXFileReference; fileEncoding = 4; lastKnownFileType = sourcecode.swift; path = PostcardSender.swift; sourceTree = "<group>"; };
		C396E7B91E5109ED009C4696 /* NetworkClient.swift */ = {isa = PBXFileReference; fileEncoding = 4; lastKnownFileType = sourcecode.swift; path = NetworkClient.swift; sourceTree = "<group>"; };
		C396E7BB1E5567F5009C4696 /* PostcardProvider.swift */ = {isa = PBXFileReference; fileEncoding = 4; lastKnownFileType = sourcecode.swift; path = PostcardProvider.swift; sourceTree = "<group>"; };
		C396E7BD1E5B901A009C4696 /* Postcard.swift */ = {isa = PBXFileReference; fileEncoding = 4; lastKnownFileType = sourcecode.swift; path = Postcard.swift; sourceTree = "<group>"; };
		C396E7BF1E5B93A8009C4696 /* PostcardParser.swift */ = {isa = PBXFileReference; fileEncoding = 4; lastKnownFileType = sourcecode.swift; path = PostcardParser.swift; sourceTree = "<group>"; };
		C396E7C11E5B93ED009C4696 /* PostcardError.swift */ = {isa = PBXFileReference; fileEncoding = 4; lastKnownFileType = sourcecode.swift; path = PostcardError.swift; sourceTree = "<group>"; };
		C3D6E8E51E6919A700E67874 /* Postcards.storyboard */ = {isa = PBXFileReference; fileEncoding = 4; lastKnownFileType = file.storyboard; path = Postcards.storyboard; sourceTree = "<group>"; };
		C3D6E8E61E6919A700E67874 /* SentPostcardsViewController.swift */ = {isa = PBXFileReference; fileEncoding = 4; lastKnownFileType = sourcecode.swift; path = SentPostcardsViewController.swift; sourceTree = "<group>"; };
		C3D6E8EA1E691C9400E67874 /* SentPostcardsViewModel.swift */ = {isa = PBXFileReference; fileEncoding = 4; lastKnownFileType = sourcecode.swift; path = SentPostcardsViewModel.swift; sourceTree = "<group>"; };
		C3DB8C431E4057820076B7A3 /* AddressProvider.swift */ = {isa = PBXFileReference; fileEncoding = 4; lastKnownFileType = sourcecode.swift; path = AddressProvider.swift; sourceTree = "<group>"; };
		C3DB8C461E419D550076B7A3 /* AddressParser.swift */ = {isa = PBXFileReference; fileEncoding = 4; lastKnownFileType = sourcecode.swift; path = AddressParser.swift; sourceTree = "<group>"; };
/* End PBXFileReference section */

/* Begin PBXFrameworksBuildPhase section */
		C35308341E3D163600E2BD8A /* Frameworks */ = {
			isa = PBXFrameworksBuildPhase;
			buildActionMask = 2147483647;
			files = (
				AAA088F767FEF5325B7376AE /* Pods_MeMailer5000.framework in Frameworks */,
			);
			runOnlyForDeploymentPostprocessing = 0;
		};
		C35308481E3D163700E2BD8A /* Frameworks */ = {
			isa = PBXFrameworksBuildPhase;
			buildActionMask = 2147483647;
			files = (
				33542493721BBDDE8F2031C6 /* Pods_MeMailer5000Tests.framework in Frameworks */,
			);
			runOnlyForDeploymentPostprocessing = 0;
		};
/* End PBXFrameworksBuildPhase section */

/* Begin PBXGroup section */
		41530DDD405F3A826C061475 /* Frameworks */ = {
			isa = PBXGroup;
			children = (
				34946F08527E6EFDE941A601 /* Pods_MeMailer5000.framework */,
				0FB62A14EA431F1C163BA632 /* Pods_MeMailer5000Tests.framework */,
			);
			name = Frameworks;
			sourceTree = "<group>";
		};
		961BC0D7755048E8FFEBD3EF /* Pods */ = {
			isa = PBXGroup;
			children = (
				910C3EBB8C614BCD76D0661B /* Pods-MeMailer5000.debug.xcconfig */,
				45463C1CCAA9E085F0C996F0 /* Pods-MeMailer5000.release.xcconfig */,
				058C9AD79B5002D2CD73264F /* Pods-MeMailer5000Tests.debug.xcconfig */,
				B81E9763E941AC282E038598 /* Pods-MeMailer5000Tests.release.xcconfig */,
			);
			name = Pods;
			sourceTree = "<group>";
		};
		C353082E1E3D163600E2BD8A = {
			isa = PBXGroup;
			children = (
				C35308391E3D163600E2BD8A /* MeMailer5000 */,
				C353084E1E3D163700E2BD8A /* MeMailer5000Tests */,
				C35308381E3D163600E2BD8A /* Products */,
				961BC0D7755048E8FFEBD3EF /* Pods */,
				41530DDD405F3A826C061475 /* Frameworks */,
			);
			sourceTree = "<group>";
		};
		C35308381E3D163600E2BD8A /* Products */ = {
			isa = PBXGroup;
			children = (
				C35308371E3D163600E2BD8A /* MeMailer5000.app */,
				C353084B1E3D163700E2BD8A /* MeMailer5000Tests.xctest */,
			);
			name = Products;
			sourceTree = "<group>";
		};
		C35308391E3D163600E2BD8A /* MeMailer5000 */ = {
			isa = PBXGroup;
			children = (
				C353083A1E3D163600E2BD8A /* AppDelegate.swift */,
				C330B6381E46B51300928284 /* DatabaseController.swift */,
				C3D6E8E91E6919B700E67874 /* Postcard List */,
				C396E7B71E5107B7009C4696 /* PostcardSender.swift */,
				C3683DEB1E46630D00650A90 /* Add Address */,
				C3683DE21E46585300650A90 /* Address List */,
				C3AD56841E4C37CA00C348F0 /* Camera */,
				C3DB8C401E4046C00076B7A3 /* models */,
				C3DB8C461E419D550076B7A3 /* AddressParser.swift */,
				C396E7BF1E5B93A8009C4696 /* PostcardParser.swift */,
				C330B6361E46A17100928284 /* Result.swift */,
				C396E7B91E5109ED009C4696 /* NetworkClient.swift */,
				C3DB8C451E40578C0076B7A3 /* Providers */,
				C35308411E3D163600E2BD8A /* Assets.xcassets */,
				C35308431E3D163600E2BD8A /* LaunchScreen.storyboard */,
				C35308461E3D163600E2BD8A /* Info.plist */,
			);
			path = MeMailer5000;
			sourceTree = "<group>";
		};
		C353084E1E3D163700E2BD8A /* MeMailer5000Tests */ = {
			isa = PBXGroup;
			children = (
				C353084F1E3D163700E2BD8A /* MeMailer5000Tests.swift */,
				C35308511E3D163700E2BD8A /* Info.plist */,
			);
			path = MeMailer5000Tests;
			sourceTree = "<group>";
		};
		C3683DE21E46585300650A90 /* Address List */ = {
			isa = PBXGroup;
			children = (
				C3683DDE1E46567100650A90 /* AddressListController.swift */,
				C3683DE71E465D5900650A90 /* AddressList.storyboard */,
				C3683DE01E4657ED00650A90 /* AddressListViewModel.swift */,
				C3683DE31E46594E00650A90 /* AddressCell.swift */,
				C3683DE41E46594E00650A90 /* AddressCell.xib */,
			);
			name = "Address List";
			sourceTree = "<group>";
		};
		C3683DEB1E46630D00650A90 /* Add Address */ = {
			isa = PBXGroup;
			children = (
				C3683DE91E46630900650A90 /* AddAddress.storyboard */,
				C3683DEC1E4664EE00650A90 /* AddAddressController.swift */,
			);
			name = "Add Address";
			sourceTree = "<group>";
		};
		C3AD56841E4C37CA00C348F0 /* Camera */ = {
			isa = PBXGroup;
			children = (
				C353083E1E3D163600E2BD8A /* Camera.storyboard */,
				C353083C1E3D163600E2BD8A /* CameraViewController.swift */,
			);
			name = Camera;
			sourceTree = "<group>";
		};
		C3D6E8E91E6919B700E67874 /* Postcard List */ = {
			isa = PBXGroup;
			children = (
				C3D6E8E51E6919A700E67874 /* Postcards.storyboard */,
				C3D6E8E61E6919A700E67874 /* SentPostcardsViewController.swift */,
				C3D6E8EA1E691C9400E67874 /* SentPostcardsViewModel.swift */,
				C3909B6E1E6B0C9D00ED01F4 /* ImageProvider.swift */,
				C3909B6A1E6AFC9200ED01F4 /* SentPostcardCell.swift */,
				C3909B6B1E6AFC9200ED01F4 /* SentPostcardCell.xib */,
			);
			name = "Postcard List";
			sourceTree = "<group>";
		};
		C3DB8C401E4046C00076B7A3 /* models */ = {
			isa = PBXGroup;
			children = (
				C31279C21E3EF09900F52C31 /* Address.swift */,
				C330B63A1E46B82800928284 /* AddressError.swift */,
				C396E7BD1E5B901A009C4696 /* Postcard.swift */,
				C396E7C11E5B93ED009C4696 /* PostcardError.swift */,
			);
			name = models;
			sourceTree = "<group>";
		};
		C3DB8C451E40578C0076B7A3 /* Providers */ = {
			isa = PBXGroup;
			children = (
				C3DB8C431E4057820076B7A3 /* AddressProvider.swift */,
				C396E7BB1E5567F5009C4696 /* PostcardProvider.swift */,
			);
			name = Providers;
			sourceTree = "<group>";
		};
/* End PBXGroup section */

/* Begin PBXNativeTarget section */
		C35308361E3D163600E2BD8A /* MeMailer5000 */ = {
			isa = PBXNativeTarget;
			buildConfigurationList = C35308541E3D163700E2BD8A /* Build configuration list for PBXNativeTarget "MeMailer5000" */;
			buildPhases = (
				DC8C45A50436D9812C0214C5 /* [CP] Check Pods Manifest.lock */,
				C35308331E3D163600E2BD8A /* Sources */,
				C35308341E3D163600E2BD8A /* Frameworks */,
				C35308351E3D163600E2BD8A /* Resources */,
				B8465CD53FD5323420309FEB /* [CP] Embed Pods Frameworks */,
				8DF5E67DC309A4338C2E217E /* [CP] Copy Pods Resources */,
			);
			buildRules = (
			);
			dependencies = (
			);
			name = MeMailer5000;
			productName = MeMailer5000;
			productReference = C35308371E3D163600E2BD8A /* MeMailer5000.app */;
			productType = "com.apple.product-type.application";
		};
		C353084A1E3D163700E2BD8A /* MeMailer5000Tests */ = {
			isa = PBXNativeTarget;
			buildConfigurationList = C35308571E3D163700E2BD8A /* Build configuration list for PBXNativeTarget "MeMailer5000Tests" */;
			buildPhases = (
				4F8830C339DEBADE782A82AD /* [CP] Check Pods Manifest.lock */,
				C35308471E3D163700E2BD8A /* Sources */,
				C35308481E3D163700E2BD8A /* Frameworks */,
				C35308491E3D163700E2BD8A /* Resources */,
				6CD774A96B9730E1DEC687DF /* [CP] Embed Pods Frameworks */,
				CCE6006289710B34B6E1B954 /* [CP] Copy Pods Resources */,
			);
			buildRules = (
			);
			dependencies = (
				C353084D1E3D163700E2BD8A /* PBXTargetDependency */,
			);
			name = MeMailer5000Tests;
			productName = MeMailer5000Tests;
			productReference = C353084B1E3D163700E2BD8A /* MeMailer5000Tests.xctest */;
			productType = "com.apple.product-type.bundle.unit-test";
		};
/* End PBXNativeTarget section */

/* Begin PBXProject section */
		C353082F1E3D163600E2BD8A /* Project object */ = {
			isa = PBXProject;
			attributes = {
				LastSwiftUpdateCheck = 0820;
				LastUpgradeCheck = 0820;
				ORGANIZATIONNAME = memailer;
				TargetAttributes = {
					C35308361E3D163600E2BD8A = {
						CreatedOnToolsVersion = 8.2.1;
						DevelopmentTeam = 9GFQY5F3X4;
						ProvisioningStyle = Automatic;
					};
					C353084A1E3D163700E2BD8A = {
						CreatedOnToolsVersion = 8.2.1;
						DevelopmentTeam = 9GFQY5F3X4;
						ProvisioningStyle = Automatic;
						TestTargetID = C35308361E3D163600E2BD8A;
					};
				};
			};
			buildConfigurationList = C35308321E3D163600E2BD8A /* Build configuration list for PBXProject "MeMailer5000" */;
			compatibilityVersion = "Xcode 3.2";
			developmentRegion = English;
			hasScannedForEncodings = 0;
			knownRegions = (
				en,
				Base,
			);
			mainGroup = C353082E1E3D163600E2BD8A;
			productRefGroup = C35308381E3D163600E2BD8A /* Products */;
			projectDirPath = "";
			projectRoot = "";
			targets = (
				C35308361E3D163600E2BD8A /* MeMailer5000 */,
				C353084A1E3D163700E2BD8A /* MeMailer5000Tests */,
			);
		};
/* End PBXProject section */

/* Begin PBXResourcesBuildPhase section */
		C35308351E3D163600E2BD8A /* Resources */ = {
			isa = PBXResourcesBuildPhase;
			buildActionMask = 2147483647;
			files = (
				C3D6E8E71E6919A700E67874 /* Postcards.storyboard in Resources */,
				C3683DE81E465D5900650A90 /* AddressList.storyboard in Resources */,
				C35308451E3D163600E2BD8A /* LaunchScreen.storyboard in Resources */,
				C35308421E3D163600E2BD8A /* Assets.xcassets in Resources */,
				C3683DE61E46594E00650A90 /* AddressCell.xib in Resources */,
				C35308401E3D163600E2BD8A /* Camera.storyboard in Resources */,
				C3683DEA1E46630900650A90 /* AddAddress.storyboard in Resources */,
				C3909B6D1E6AFC9200ED01F4 /* SentPostcardCell.xib in Resources */,
			);
			runOnlyForDeploymentPostprocessing = 0;
		};
		C35308491E3D163700E2BD8A /* Resources */ = {
			isa = PBXResourcesBuildPhase;
			buildActionMask = 2147483647;
			files = (
			);
			runOnlyForDeploymentPostprocessing = 0;
		};
/* End PBXResourcesBuildPhase section */

/* Begin PBXShellScriptBuildPhase section */
		4F8830C339DEBADE782A82AD /* [CP] Check Pods Manifest.lock */ = {
			isa = PBXShellScriptBuildPhase;
			buildActionMask = 2147483647;
			files = (
			);
			inputPaths = (
			);
			name = "[CP] Check Pods Manifest.lock";
			outputPaths = (
			);
			runOnlyForDeploymentPostprocessing = 0;
			shellPath = /bin/sh;
			shellScript = "diff \"${PODS_ROOT}/../Podfile.lock\" \"${PODS_ROOT}/Manifest.lock\" > /dev/null\nif [ $? != 0 ] ; then\n    # print error to STDERR\n    echo \"error: The sandbox is not in sync with the Podfile.lock. Run 'pod install' or update your CocoaPods installation.\" >&2\n    exit 1\nfi\n";
			showEnvVarsInLog = 0;
		};
		6CD774A96B9730E1DEC687DF /* [CP] Embed Pods Frameworks */ = {
			isa = PBXShellScriptBuildPhase;
			buildActionMask = 2147483647;
			files = (
			);
			inputPaths = (
			);
			name = "[CP] Embed Pods Frameworks";
			outputPaths = (
			);
			runOnlyForDeploymentPostprocessing = 0;
			shellPath = /bin/sh;
			shellScript = "\"${SRCROOT}/Pods/Target Support Files/Pods-MeMailer5000Tests/Pods-MeMailer5000Tests-frameworks.sh\"\n";
			showEnvVarsInLog = 0;
		};
		8DF5E67DC309A4338C2E217E /* [CP] Copy Pods Resources */ = {
			isa = PBXShellScriptBuildPhase;
			buildActionMask = 2147483647;
			files = (
			);
			inputPaths = (
			);
			name = "[CP] Copy Pods Resources";
			outputPaths = (
			);
			runOnlyForDeploymentPostprocessing = 0;
			shellPath = /bin/sh;
			shellScript = "\"${SRCROOT}/Pods/Target Support Files/Pods-MeMailer5000/Pods-MeMailer5000-resources.sh\"\n";
			showEnvVarsInLog = 0;
		};
		B8465CD53FD5323420309FEB /* [CP] Embed Pods Frameworks */ = {
			isa = PBXShellScriptBuildPhase;
			buildActionMask = 2147483647;
			files = (
			);
			inputPaths = (
			);
			name = "[CP] Embed Pods Frameworks";
			outputPaths = (
			);
			runOnlyForDeploymentPostprocessing = 0;
			shellPath = /bin/sh;
			shellScript = "\"${SRCROOT}/Pods/Target Support Files/Pods-MeMailer5000/Pods-MeMailer5000-frameworks.sh\"\n";
			showEnvVarsInLog = 0;
		};
			);
		CCE6006289710B34B6E1B954 /* [CP] Copy Pods Resources */ = {
			isa = PBXShellScriptBuildPhase;
			buildActionMask = 2147483647;
			files = (
			);
			inputPaths = (
			);
			name = "[CP] Copy Pods Resources";
			outputPaths = (
			);
			runOnlyForDeploymentPostprocessing = 0;
			shellPath = /bin/sh;
			shellScript = "\"${SRCROOT}/Pods/Target Support Files/Pods-MeMailer5000Tests/Pods-MeMailer5000Tests-resources.sh\"\n";
			showEnvVarsInLog = 0;
		};
		DC8C45A50436D9812C0214C5 /* [CP] Check Pods Manifest.lock */ = {
			isa = PBXShellScriptBuildPhase;
			buildActionMask = 2147483647;
			files = (
			);
			inputPaths = (
			);
			name = "[CP] Check Pods Manifest.lock";
			outputPaths = (
			);
			runOnlyForDeploymentPostprocessing = 0;
			shellPath = /bin/sh;
			shellScript = "diff \"${PODS_ROOT}/../Podfile.lock\" \"${PODS_ROOT}/Manifest.lock\" > /dev/null\nif [ $? != 0 ] ; then\n    # print error to STDERR\n    echo \"error: The sandbox is not in sync with the Podfile.lock. Run 'pod install' or update your CocoaPods installation.\" >&2\n    exit 1\nfi\n";
			showEnvVarsInLog = 0;
		};
/* End PBXShellScriptBuildPhase section */

/* Begin PBXSourcesBuildPhase section */
		C35308331E3D163600E2BD8A /* Sources */ = {
			isa = PBXSourcesBuildPhase;
			buildActionMask = 2147483647;
			files = (
				C3D6E8E81E6919A700E67874 /* SentPostcardsViewController.swift in Sources */,
				C3683DEE1E4664EE00650A90 /* AddAddressController.swift in Sources */,
				C396E7C01E5B93A8009C4696 /* PostcardParser.swift in Sources */,
				C396E7C21E5B93ED009C4696 /* PostcardError.swift in Sources */,
				C3D6E8EB1E691C9400E67874 /* SentPostcardsViewModel.swift in Sources */,
				C3683DE51E46594E00650A90 /* AddressCell.swift in Sources */,
				C353083D1E3D163600E2BD8A /* CameraViewController.swift in Sources */,
				C330B63B1E46B82800928284 /* AddressError.swift in Sources */,
				C330B6371E46A17100928284 /* Result.swift in Sources */,
				C3683DE11E4657ED00650A90 /* AddressListViewModel.swift in Sources */,
				C353083B1E3D163600E2BD8A /* AppDelegate.swift in Sources */,
				C3DB8C441E4057820076B7A3 /* AddressProvider.swift in Sources */,
				C3909B6F1E6B0C9D00ED01F4 /* ImageProvider.swift in Sources */,
				C330B6391E46B51300928284 /* DatabaseController.swift in Sources */,
				C3909B6C1E6AFC9200ED01F4 /* SentPostcardCell.swift in Sources */,
				C396E7BE1E5B901A009C4696 /* Postcard.swift in Sources */,
				C3DB8C471E419D550076B7A3 /* AddressParser.swift in Sources */,
				C396E7B81E5107B7009C4696 /* PostcardSender.swift in Sources */,
				C396E7BA1E5109ED009C4696 /* NetworkClient.swift in Sources */,
				C31279C31E3EF09900F52C31 /* Address.swift in Sources */,
				C396E7BC1E5567F5009C4696 /* PostcardProvider.swift in Sources */,
				C3683DDF1E46567100650A90 /* AddressListController.swift in Sources */,
			);
			runOnlyForDeploymentPostprocessing = 0;
		};
		C35308471E3D163700E2BD8A /* Sources */ = {
			isa = PBXSourcesBuildPhase;
			buildActionMask = 2147483647;
			files = (
				C35308501E3D163700E2BD8A /* MeMailer5000Tests.swift in Sources */,
			);
			runOnlyForDeploymentPostprocessing = 0;
		};
/* End PBXSourcesBuildPhase section */

/* Begin PBXTargetDependency section */
		C353084D1E3D163700E2BD8A /* PBXTargetDependency */ = {
			isa = PBXTargetDependency;
			target = C35308361E3D163600E2BD8A /* MeMailer5000 */;
			targetProxy = C353084C1E3D163700E2BD8A /* PBXContainerItemProxy */;
		};
/* End PBXTargetDependency section */

/* Begin PBXVariantGroup section */
		C353083E1E3D163600E2BD8A /* Camera.storyboard */ = {
			isa = PBXVariantGroup;
			children = (
				C353083F1E3D163600E2BD8A /* Base */,
			);
			name = Camera.storyboard;
			sourceTree = "<group>";
		};
		C35308431E3D163600E2BD8A /* LaunchScreen.storyboard */ = {
			isa = PBXVariantGroup;
			children = (
				C35308441E3D163600E2BD8A /* Base */,
			);
			name = LaunchScreen.storyboard;
			sourceTree = "<group>";
		};
/* End PBXVariantGroup section */

/* Begin XCBuildConfiguration section */
		C35308521E3D163700E2BD8A /* Debug */ = {
			isa = XCBuildConfiguration;
			buildSettings = {
				ALWAYS_SEARCH_USER_PATHS = NO;
				CLANG_ANALYZER_NONNULL = YES;
				CLANG_CXX_LANGUAGE_STANDARD = "gnu++0x";
				CLANG_CXX_LIBRARY = "libc++";
				CLANG_ENABLE_MODULES = YES;
				CLANG_ENABLE_OBJC_ARC = YES;
				CLANG_WARN_BOOL_CONVERSION = YES;
				CLANG_WARN_CONSTANT_CONVERSION = YES;
				CLANG_WARN_DIRECT_OBJC_ISA_USAGE = YES_ERROR;
				CLANG_WARN_DOCUMENTATION_COMMENTS = YES;
				CLANG_WARN_EMPTY_BODY = YES;
				CLANG_WARN_ENUM_CONVERSION = YES;
				CLANG_WARN_INFINITE_RECURSION = YES;
				CLANG_WARN_INT_CONVERSION = YES;
				CLANG_WARN_OBJC_ROOT_CLASS = YES_ERROR;
				CLANG_WARN_SUSPICIOUS_MOVE = YES;
				CLANG_WARN_UNREACHABLE_CODE = YES;
				CLANG_WARN__DUPLICATE_METHOD_MATCH = YES;
				"CODE_SIGN_IDENTITY[sdk=iphoneos*]" = "iPhone Developer";
				COPY_PHASE_STRIP = NO;
				DEBUG_INFORMATION_FORMAT = dwarf;
				ENABLE_STRICT_OBJC_MSGSEND = YES;
				ENABLE_TESTABILITY = YES;
				GCC_C_LANGUAGE_STANDARD = gnu99;
				GCC_DYNAMIC_NO_PIC = NO;
				GCC_NO_COMMON_BLOCKS = YES;
				GCC_OPTIMIZATION_LEVEL = 0;
				GCC_PREPROCESSOR_DEFINITIONS = (
					"DEBUG=1",
					"$(inherited)",
				);
				GCC_WARN_64_TO_32_BIT_CONVERSION = YES;
				GCC_WARN_ABOUT_RETURN_TYPE = YES_ERROR;
				GCC_WARN_UNDECLARED_SELECTOR = YES;
				GCC_WARN_UNINITIALIZED_AUTOS = YES_AGGRESSIVE;
				GCC_WARN_UNUSED_FUNCTION = YES;
				GCC_WARN_UNUSED_VARIABLE = YES;
				IPHONEOS_DEPLOYMENT_TARGET = 10.2;
				MTL_ENABLE_DEBUG_INFO = YES;
				ONLY_ACTIVE_ARCH = YES;
				SDKROOT = iphoneos;
				SWIFT_ACTIVE_COMPILATION_CONDITIONS = DEBUG;
				SWIFT_OPTIMIZATION_LEVEL = "-Onone";
				TARGETED_DEVICE_FAMILY = "1,2";
			};
			name = Debug;
		};
		C35308531E3D163700E2BD8A /* Release */ = {
			isa = XCBuildConfiguration;
			buildSettings = {
				ALWAYS_SEARCH_USER_PATHS = NO;
				CLANG_ANALYZER_NONNULL = YES;
				CLANG_CXX_LANGUAGE_STANDARD = "gnu++0x";
				CLANG_CXX_LIBRARY = "libc++";
				CLANG_ENABLE_MODULES = YES;
				CLANG_ENABLE_OBJC_ARC = YES;
				CLANG_WARN_BOOL_CONVERSION = YES;
				CLANG_WARN_CONSTANT_CONVERSION = YES;
				CLANG_WARN_DIRECT_OBJC_ISA_USAGE = YES_ERROR;
				CLANG_WARN_DOCUMENTATION_COMMENTS = YES;
				CLANG_WARN_EMPTY_BODY = YES;
				CLANG_WARN_ENUM_CONVERSION = YES;
				CLANG_WARN_INFINITE_RECURSION = YES;
				CLANG_WARN_INT_CONVERSION = YES;
				CLANG_WARN_OBJC_ROOT_CLASS = YES_ERROR;
				CLANG_WARN_SUSPICIOUS_MOVE = YES;
				CLANG_WARN_UNREACHABLE_CODE = YES;
				CLANG_WARN__DUPLICATE_METHOD_MATCH = YES;
				"CODE_SIGN_IDENTITY[sdk=iphoneos*]" = "iPhone Developer";
				COPY_PHASE_STRIP = NO;
				DEBUG_INFORMATION_FORMAT = "dwarf-with-dsym";
				ENABLE_NS_ASSERTIONS = NO;
				ENABLE_STRICT_OBJC_MSGSEND = YES;
				GCC_C_LANGUAGE_STANDARD = gnu99;
				GCC_NO_COMMON_BLOCKS = YES;
				GCC_WARN_64_TO_32_BIT_CONVERSION = YES;
				GCC_WARN_ABOUT_RETURN_TYPE = YES_ERROR;
				GCC_WARN_UNDECLARED_SELECTOR = YES;
				GCC_WARN_UNINITIALIZED_AUTOS = YES_AGGRESSIVE;
				GCC_WARN_UNUSED_FUNCTION = YES;
				GCC_WARN_UNUSED_VARIABLE = YES;
				IPHONEOS_DEPLOYMENT_TARGET = 10.2;
				MTL_ENABLE_DEBUG_INFO = NO;
				SDKROOT = iphoneos;
				SWIFT_OPTIMIZATION_LEVEL = "-Owholemodule";
				TARGETED_DEVICE_FAMILY = "1,2";
				VALIDATE_PRODUCT = YES;
			};
			name = Release;
		};
		C35308551E3D163700E2BD8A /* Debug */ = {
			isa = XCBuildConfiguration;
			baseConfigurationReference = 910C3EBB8C614BCD76D0661B /* Pods-MeMailer5000.debug.xcconfig */;
			buildSettings = {
				ASSETCATALOG_COMPILER_APPICON_NAME = AppIcon;
				"CODE_SIGN_IDENTITY[sdk=iphoneos*]" = "iPhone Developer";
				DEVELOPMENT_TEAM = 9GFQY5F3X4;
				INFOPLIST_FILE = MeMailer5000/Info.plist;
				IPHONEOS_DEPLOYMENT_TARGET = 10.0;
				LD_RUNPATH_SEARCH_PATHS = "$(inherited) @executable_path/Frameworks";
				PRODUCT_BUNDLE_IDENTIFIER = com.memailer.MeMailer5000;
				PRODUCT_NAME = "$(TARGET_NAME)";
				SWIFT_VERSION = 3.0;
			};
			name = Debug;
		};
		C35308561E3D163700E2BD8A /* Release */ = {
			isa = XCBuildConfiguration;
			baseConfigurationReference = 45463C1CCAA9E085F0C996F0 /* Pods-MeMailer5000.release.xcconfig */;
			buildSettings = {
				ASSETCATALOG_COMPILER_APPICON_NAME = AppIcon;
				"CODE_SIGN_IDENTITY[sdk=iphoneos*]" = "iPhone Developer";
				DEVELOPMENT_TEAM = 9GFQY5F3X4;
				INFOPLIST_FILE = MeMailer5000/Info.plist;
				IPHONEOS_DEPLOYMENT_TARGET = 10.0;
				LD_RUNPATH_SEARCH_PATHS = "$(inherited) @executable_path/Frameworks";
				PRODUCT_BUNDLE_IDENTIFIER = com.memailer.MeMailer5000;
				PRODUCT_NAME = "$(TARGET_NAME)";
				SWIFT_VERSION = 3.0;
			};
			name = Release;
		};
		C35308581E3D163700E2BD8A /* Debug */ = {
			isa = XCBuildConfiguration;
			baseConfigurationReference = 058C9AD79B5002D2CD73264F /* Pods-MeMailer5000Tests.debug.xcconfig */;
			buildSettings = {
				ALWAYS_EMBED_SWIFT_STANDARD_LIBRARIES = YES;
				BUNDLE_LOADER = "$(TEST_HOST)";
				DEVELOPMENT_TEAM = 9GFQY5F3X4;
				INFOPLIST_FILE = MeMailer5000Tests/Info.plist;
				LD_RUNPATH_SEARCH_PATHS = "$(inherited) @executable_path/Frameworks @loader_path/Frameworks";
				PRODUCT_BUNDLE_IDENTIFIER = com.memailer.MeMailer5000Tests;
				PRODUCT_NAME = "$(TARGET_NAME)";
				SWIFT_VERSION = 3.0;
				TEST_HOST = "$(BUILT_PRODUCTS_DIR)/MeMailer5000.app/MeMailer5000";
			};
			name = Debug;
		};
		C35308591E3D163700E2BD8A /* Release */ = {
			isa = XCBuildConfiguration;
			baseConfigurationReference = B81E9763E941AC282E038598 /* Pods-MeMailer5000Tests.release.xcconfig */;
			buildSettings = {
				ALWAYS_EMBED_SWIFT_STANDARD_LIBRARIES = YES;
				BUNDLE_LOADER = "$(TEST_HOST)";
				DEVELOPMENT_TEAM = 9GFQY5F3X4;
				INFOPLIST_FILE = MeMailer5000Tests/Info.plist;
				LD_RUNPATH_SEARCH_PATHS = "$(inherited) @executable_path/Frameworks @loader_path/Frameworks";
				PRODUCT_BUNDLE_IDENTIFIER = com.memailer.MeMailer5000Tests;
				PRODUCT_NAME = "$(TARGET_NAME)";
				SWIFT_VERSION = 3.0;
				TEST_HOST = "$(BUILT_PRODUCTS_DIR)/MeMailer5000.app/MeMailer5000";
			};
			name = Release;
		};
/* End XCBuildConfiguration section */

/* Begin XCConfigurationList section */
		C35308321E3D163600E2BD8A /* Build configuration list for PBXProject "MeMailer5000" */ = {
			isa = XCConfigurationList;
			buildConfigurations = (
				C35308521E3D163700E2BD8A /* Debug */,
				C35308531E3D163700E2BD8A /* Release */,
			);
			defaultConfigurationIsVisible = 0;
			defaultConfigurationName = Release;
		};
		C35308541E3D163700E2BD8A /* Build configuration list for PBXNativeTarget "MeMailer5000" */ = {
			isa = XCConfigurationList;
			buildConfigurations = (
				C35308551E3D163700E2BD8A /* Debug */,
				C35308561E3D163700E2BD8A /* Release */,
			);
			defaultConfigurationIsVisible = 0;
			defaultConfigurationName = Release;
		};
		C35308571E3D163700E2BD8A /* Build configuration list for PBXNativeTarget "MeMailer5000Tests" */ = {
			isa = XCConfigurationList;
			buildConfigurations = (
				C35308581E3D163700E2BD8A /* Debug */,
				C35308591E3D163700E2BD8A /* Release */,
			);
			defaultConfigurationIsVisible = 0;
			defaultConfigurationName = Release;
		};
/* End XCConfigurationList section */
	};
	rootObject = C353082F1E3D163600E2BD8A /* Project object */;
}
