// !$*UTF8*$!
{
	archiveVersion = 1;
	classes = {
	};
	objectVersion = 46;
	objects = {

/* Begin PBXBuildFile section */
		0C722E149F7A262C791376F1 /* Pods_RecapTests.framework in Frameworks */ = {isa = PBXBuildFile; fileRef = 7E8D7D0C1E4A334099968D53 /* Pods_RecapTests.framework */; };
		33542493721BBDDE8F2031C6 /* Pods_MeMailer5000Tests.framework in Frameworks */ = {isa = PBXBuildFile; fileRef = 0FB62A14EA431F1C163BA632 /* Pods_MeMailer5000Tests.framework */; };
		7EC37E0C7861A5BD4E105569 /* Pods_Recap.framework in Frameworks */ = {isa = PBXBuildFile; fileRef = EC5DDE820945FAE41102A623 /* Pods_Recap.framework */; };
		C309724E1F2C0A1B0040A72E /* PersistanceManager.swift in Sources */ = {isa = PBXBuildFile; fileRef = C309724D1F2C0A1B0040A72E /* PersistanceManager.swift */; };
		C30972501F2D26AC0040A72E /* Film.graphql in Resources */ = {isa = PBXBuildFile; fileRef = C309724F1F2D26AC0040A72E /* Film.graphql */; };
		C30972521F2E85300040A72E /* SentPhotosController.swift in Sources */ = {isa = PBXBuildFile; fileRef = C30972511F2E85300040A72E /* SentPhotosController.swift */; };
		C30972541F2E867A0040A72E /* SentPhotosLayout.swift in Sources */ = {isa = PBXBuildFile; fileRef = C30972531F2E867A0040A72E /* SentPhotosLayout.swift */; };
		C30972581F30192D0040A72E /* PhotoItem.swift in Sources */ = {isa = PBXBuildFile; fileRef = C30972571F30192D0040A72E /* PhotoItem.swift */; };
		C309725A1F342A4B0040A72E /* ImageProvider.swift in Sources */ = {isa = PBXBuildFile; fileRef = C30972591F342A4B0040A72E /* ImageProvider.swift */; };
		C309725F1F36C5A30040A72E /* SinglePhotoController.swift in Sources */ = {isa = PBXBuildFile; fileRef = C309725E1F36C5A30040A72E /* SinglePhotoController.swift */; };
		C30972631F36C62A0040A72E /* SinglePhotoView.swift in Sources */ = {isa = PBXBuildFile; fileRef = C30972621F36C62A0040A72E /* SinglePhotoView.swift */; };
		C30972651F36C6390040A72E /* SinglePhotoView.xib in Resources */ = {isa = PBXBuildFile; fileRef = C30972641F36C6390040A72E /* SinglePhotoView.xib */; };
		C31279C31E3EF09900F52C31 /* Address.swift in Sources */ = {isa = PBXBuildFile; fileRef = C31279C21E3EF09900F52C31 /* Address.swift */; };
		C313397E1EABAA780080A168 /* Disclaimer.storyboard in Resources */ = {isa = PBXBuildFile; fileRef = C313397D1EABAA780080A168 /* Disclaimer.storyboard */; };
		C31339801EABAAED0080A168 /* DisclaimerController.swift in Sources */ = {isa = PBXBuildFile; fileRef = C313397F1EABAAED0080A168 /* DisclaimerController.swift */; };
		C31339821EAC47AD0080A168 /* OnboardingCoordinator.swift in Sources */ = {isa = PBXBuildFile; fileRef = C31339811EAC47AD0080A168 /* OnboardingCoordinator.swift */; };
		C31339841EAC53B20080A168 /* User.swift in Sources */ = {isa = PBXBuildFile; fileRef = C31339831EAC53B20080A168 /* User.swift */; };
		C31339861EAC56720080A168 /* UserController.swift in Sources */ = {isa = PBXBuildFile; fileRef = C31339851EAC56720080A168 /* UserController.swift */; };
		C31339891EAD9CE10080A168 /* CameraOverlayView.swift in Sources */ = {isa = PBXBuildFile; fileRef = C31339881EAD9CE10080A168 /* CameraOverlayView.swift */; };
		C313398B1EAD9E960080A168 /* CameraOverlayView.xib in Resources */ = {isa = PBXBuildFile; fileRef = C313398A1EAD9E960080A168 /* CameraOverlayView.xib */; };
		C31E62AE1F26D5EC0084443A /* Photo.graphql in Resources */ = {isa = PBXBuildFile; fileRef = C31E62AD1F26D5EC0084443A /* Photo.graphql */; };
		C31E62B01F286A260084443A /* PhotoError.swift in Sources */ = {isa = PBXBuildFile; fileRef = C31E62AF1F286A260084443A /* PhotoError.swift */; };
		C31E62B21F28730B0084443A /* Photo.swift in Sources */ = {isa = PBXBuildFile; fileRef = C31E62B11F28730B0084443A /* Photo.swift */; };
		C31E62B41F2873550084443A /* Thumbnails.swift in Sources */ = {isa = PBXBuildFile; fileRef = C31E62B31F2873550084443A /* Thumbnails.swift */; };
		C32652CC1F677DD10027B316 /* FriendsListController.swift in Sources */ = {isa = PBXBuildFile; fileRef = C32652CB1F677DD10027B316 /* FriendsListController.swift */; };
		C32652CE1F67892B0027B316 /* FriendCell.swift in Sources */ = {isa = PBXBuildFile; fileRef = C32652CD1F67892B0027B316 /* FriendCell.swift */; };
		C32652D01F6789660027B316 /* FriendCell.xib in Resources */ = {isa = PBXBuildFile; fileRef = C32652CF1F6789660027B316 /* FriendCell.xib */; };
		C32BCCDB1F3C157D0080CFA0 /* AlertableError.swift in Sources */ = {isa = PBXBuildFile; fileRef = C32BCCDA1F3C157D0080CFA0 /* AlertableError.swift */; };
		C330B6371E46A17100928284 /* Result.swift in Sources */ = {isa = PBXBuildFile; fileRef = C330B6361E46A17100928284 /* Result.swift */; };
		C330B63B1E46B82800928284 /* AddressError.swift in Sources */ = {isa = PBXBuildFile; fileRef = C330B63A1E46B82800928284 /* AddressError.swift */; };
		C3346F081E7ED4AA00A136B5 /* Date+Formatting.swift in Sources */ = {isa = PBXBuildFile; fileRef = C3346F071E7ED4AA00A136B5 /* Date+Formatting.swift */; };
		C3346F0A1E7ED50100A136B5 /* String+DateFormatting.swift in Sources */ = {isa = PBXBuildFile; fileRef = C3346F091E7ED50100A136B5 /* String+DateFormatting.swift */; };
		C33BD1021ECE96B300132B7D /* SentPhotosFlow.swift in Sources */ = {isa = PBXBuildFile; fileRef = C33BD1011ECE96B300132B7D /* SentPhotosFlow.swift */; };
		C353083B1E3D163600E2BD8A /* AppDelegate.swift in Sources */ = {isa = PBXBuildFile; fileRef = C353083A1E3D163600E2BD8A /* AppDelegate.swift */; };
		C353083D1E3D163600E2BD8A /* CameraViewController.swift in Sources */ = {isa = PBXBuildFile; fileRef = C353083C1E3D163600E2BD8A /* CameraViewController.swift */; };
		C35308401E3D163600E2BD8A /* Camera.storyboard in Resources */ = {isa = PBXBuildFile; fileRef = C353083E1E3D163600E2BD8A /* Camera.storyboard */; };
		C35308421E3D163600E2BD8A /* Assets.xcassets in Resources */ = {isa = PBXBuildFile; fileRef = C35308411E3D163600E2BD8A /* Assets.xcassets */; };
		C35308451E3D163600E2BD8A /* LaunchScreen.storyboard in Resources */ = {isa = PBXBuildFile; fileRef = C35308431E3D163600E2BD8A /* LaunchScreen.storyboard */; };
		C36A27EE1EB2E7E0008AA900 /* CameraOverlayViewModel.swift in Sources */ = {isa = PBXBuildFile; fileRef = C36A27ED1EB2E7E0008AA900 /* CameraOverlayViewModel.swift */; };
		C36A27F01EB43E6B008AA900 /* PhotoTakenView.swift in Sources */ = {isa = PBXBuildFile; fileRef = C36A27EF1EB43E6B008AA900 /* PhotoTakenView.swift */; };
		C36A27F41EB454CA008AA900 /* PhotoTakenViewModel.swift in Sources */ = {isa = PBXBuildFile; fileRef = C36A27F31EB454CA008AA900 /* PhotoTakenViewModel.swift */; };
		C36EA09C1EB68FD100D37113 /* SimpleImageLabelAlert.swift in Sources */ = {isa = PBXBuildFile; fileRef = C36EA09B1EB68FD100D37113 /* SimpleImageLabelAlert.swift */; };
		C37C2E391F116D66002DFE7D /* Signup.storyboard in Resources */ = {isa = PBXBuildFile; fileRef = C37C2E381F116D66002DFE7D /* Signup.storyboard */; };
		C37C2E3B1F1172A8002DFE7D /* SignUpViewController.swift in Sources */ = {isa = PBXBuildFile; fileRef = C37C2E3A1F1172A8002DFE7D /* SignUpViewController.swift */; };
		C37C2E3F1F117F74002DFE7D /* User.graphql in Resources */ = {isa = PBXBuildFile; fileRef = C37C2E3E1F117F74002DFE7D /* User.graphql */; };
		C37F67A11F0AC247005FF8EC /* FilterProvider.swift in Sources */ = {isa = PBXBuildFile; fileRef = C37F67A01F0AC247005FF8EC /* FilterProvider.swift */; };
		C37F67A41F0DE9D3005FF8EC /* Login.storyboard in Resources */ = {isa = PBXBuildFile; fileRef = C37F67A31F0DE9D3005FF8EC /* Login.storyboard */; };
		C37F67A61F0DEFDD005FF8EC /* LoginViewController.swift in Sources */ = {isa = PBXBuildFile; fileRef = C37F67A51F0DEFDD005FF8EC /* LoginViewController.swift */; };
		C38A88F71EE7C73600445692 /* EmptyFilmList.xib in Resources */ = {isa = PBXBuildFile; fileRef = C38A88F61EE7C73600445692 /* EmptyFilmList.xib */; };
		C38A88F91EE7C8C200445692 /* EmptyFilmList.swift in Sources */ = {isa = PBXBuildFile; fileRef = C38A88F81EE7C8C200445692 /* EmptyFilmList.swift */; };
		C39028561EC9570900D8E257 /* SettingsViewModel.swift in Sources */ = {isa = PBXBuildFile; fileRef = C39028551EC9570900D8E257 /* SettingsViewModel.swift */; };
		C39028581EC95B0700D8E257 /* SettingsFlow.swift in Sources */ = {isa = PBXBuildFile; fileRef = C39028571EC95B0700D8E257 /* SettingsFlow.swift */; };
		C396E7B81E5107B7009C4696 /* PostcardSender.swift in Sources */ = {isa = PBXBuildFile; fileRef = C396E7B71E5107B7009C4696 /* PostcardSender.swift */; };
		C396E7BA1E5109ED009C4696 /* NetworkClient.swift in Sources */ = {isa = PBXBuildFile; fileRef = C396E7B91E5109ED009C4696 /* NetworkClient.swift */; };
		C396E7BC1E5567F5009C4696 /* PostcardProvider.swift in Sources */ = {isa = PBXBuildFile; fileRef = C396E7BB1E5567F5009C4696 /* PostcardProvider.swift */; };
		C396E7BE1E5B901A009C4696 /* Postcard.swift in Sources */ = {isa = PBXBuildFile; fileRef = C396E7BD1E5B901A009C4696 /* Postcard.swift */; };
		C3A841C91F25102C009E43BE /* GraphQLInitializers.swift in Sources */ = {isa = PBXBuildFile; fileRef = C3A841C81F25102C009E43BE /* GraphQLInitializers.swift */; };
		C3A841CB1F25593D009E43BE /* ApolloWrapper.swift in Sources */ = {isa = PBXBuildFile; fileRef = C3A841CA1F25593D009E43BE /* ApolloWrapper.swift */; };
		C3AE4C281EDFC1A80019ED8C /* Purchase.storyboard in Resources */ = {isa = PBXBuildFile; fileRef = C3AE4C271EDFC1A80019ED8C /* Purchase.storyboard */; };
		C3AE4C2A1EDFC1F00019ED8C /* PurchaseViewController.swift in Sources */ = {isa = PBXBuildFile; fileRef = C3AE4C291EDFC1F00019ED8C /* PurchaseViewController.swift */; };
		C3AE4C2C1EDFC22D0019ED8C /* PurchaseFlow.swift in Sources */ = {isa = PBXBuildFile; fileRef = C3AE4C2B1EDFC22D0019ED8C /* PurchaseFlow.swift */; };
		C3AE4C2E1EDFC5EC0019ED8C /* CameraFlow.swift in Sources */ = {isa = PBXBuildFile; fileRef = C3AE4C2D1EDFC5EC0019ED8C /* CameraFlow.swift */; };
		C3AE4C301EE1166F0019ED8C /* PurchaseViewModel.swift in Sources */ = {isa = PBXBuildFile; fileRef = C3AE4C2F1EE1166F0019ED8C /* PurchaseViewModel.swift */; };
		C3C3474B1EA711280008E62E /* WelcomeViewController.swift in Sources */ = {isa = PBXBuildFile; fileRef = C3C347491EA711280008E62E /* WelcomeViewController.swift */; };
		C3C3474E1EA7119E0008E62E /* Welcome.storyboard in Resources */ = {isa = PBXBuildFile; fileRef = C3C3474D1EA7119E0008E62E /* Welcome.storyboard */; };
		C3C347501EA7124B0008E62E /* UIColor+Pallette.swift in Sources */ = {isa = PBXBuildFile; fileRef = C3C3474F1EA7124B0008E62E /* UIColor+Pallette.swift */; };
		C3C347521EA83AD50008E62E /* OnboardingFlow.swift in Sources */ = {isa = PBXBuildFile; fileRef = C3C347511EA83AD50008E62E /* OnboardingFlow.swift */; };
		C3C347541EA83BD10008E62E /* WelcomeViewModel.swift in Sources */ = {isa = PBXBuildFile; fileRef = C3C347531EA83BD10008E62E /* WelcomeViewModel.swift */; };
		C3C347561EA83D800008E62E /* WelcomeItem.swift in Sources */ = {isa = PBXBuildFile; fileRef = C3C347551EA83D800008E62E /* WelcomeItem.swift */; };
		C3C347581EA83D930008E62E /* WelcomeItem.xib in Resources */ = {isa = PBXBuildFile; fileRef = C3C347571EA83D930008E62E /* WelcomeItem.xib */; };
		C3C3475E1EA861190008E62E /* EnterAddress.storyboard in Resources */ = {isa = PBXBuildFile; fileRef = C3C3475D1EA861190008E62E /* EnterAddress.storyboard */; };
		C3C347601EA865490008E62E /* EnterAddressController.swift in Sources */ = {isa = PBXBuildFile; fileRef = C3C3475F1EA865490008E62E /* EnterAddressController.swift */; };
		C3C347621EA9A5660008E62E /* TextInputItem.swift in Sources */ = {isa = PBXBuildFile; fileRef = C3C347611EA9A5660008E62E /* TextInputItem.swift */; };
		C3C347641EA9A5770008E62E /* TextInputItem.xib in Resources */ = {isa = PBXBuildFile; fileRef = C3C347631EA9A5770008E62E /* TextInputItem.xib */; };
		C3C347661EA9A99D0008E62E /* InputAddressView.swift in Sources */ = {isa = PBXBuildFile; fileRef = C3C347651EA9A99D0008E62E /* InputAddressView.swift */; };
		C3C347681EA9A9B10008E62E /* InputAddressView.xib in Resources */ = {isa = PBXBuildFile; fileRef = C3C347671EA9A9B10008E62E /* InputAddressView.xib */; };
		C3C3476A1EAAFCF50008E62E /* UIButton+Closures.swift in Sources */ = {isa = PBXBuildFile; fileRef = C3C347691EAAFCF50008E62E /* UIButton+Closures.swift */; };
		C3C7C28B1EAB98340071F433 /* EnterAddressViewModel.swift in Sources */ = {isa = PBXBuildFile; fileRef = C3C7C28A1EAB98340071F433 /* EnterAddressViewModel.swift */; };
		C3C7C28D1EAB9BDD0071F433 /* UIAlertController+CommonAlerts.swift in Sources */ = {isa = PBXBuildFile; fileRef = C3C7C28C1EAB9BDD0071F433 /* UIAlertController+CommonAlerts.swift */; };
		C3CAC47A1EBE1FAB007CECF3 /* PositiveAlertViewModel.swift in Sources */ = {isa = PBXBuildFile; fileRef = C3CAC4791EBE1FAB007CECF3 /* PositiveAlertViewModel.swift */; };
		C3CAC4821EBFA592007CECF3 /* Settings.storyboard in Resources */ = {isa = PBXBuildFile; fileRef = C3CAC4811EBFA592007CECF3 /* Settings.storyboard */; };
		C3CAC4841EBFA5C5007CECF3 /* SettingsViewController.swift in Sources */ = {isa = PBXBuildFile; fileRef = C3CAC4831EBFA5C5007CECF3 /* SettingsViewController.swift */; };
		C3CE0E291E6E628F008000B1 /* RootFlowCoordinator.swift in Sources */ = {isa = PBXBuildFile; fileRef = C3CE0E281E6E628F008000B1 /* RootFlowCoordinator.swift */; };
		C3CE0E2C1E6E6730008000B1 /* R.generated.swift in Sources */ = {isa = PBXBuildFile; fileRef = C3CE0E2B1E6E6730008000B1 /* R.generated.swift */; };
		C3CE0E2E1E6E6B00008000B1 /* CameraViewModel.swift in Sources */ = {isa = PBXBuildFile; fileRef = C3CE0E2D1E6E6B00008000B1 /* CameraViewModel.swift */; };
		C3CE0E331E726EE7008000B1 /* UIBarButtonItem+Closures.swift in Sources */ = {isa = PBXBuildFile; fileRef = C3CE0E321E726EE7008000B1 /* UIBarButtonItem+Closures.swift */; };
		C3CE0E351E7592E2008000B1 /* Configuration.swift in Sources */ = {isa = PBXBuildFile; fileRef = C3CE0E341E7592E2008000B1 /* Configuration.swift */; };
		C3DB8C441E4057820076B7A3 /* AddressProvider.swift in Sources */ = {isa = PBXBuildFile; fileRef = C3DB8C431E4057820076B7A3 /* AddressProvider.swift */; };
		C3DB8C471E419D550076B7A3 /* AddressParser.swift in Sources */ = {isa = PBXBuildFile; fileRef = C3DB8C461E419D550076B7A3 /* AddressParser.swift */; };
		C3E60EF61F11B45B0068A28E /* schema.json in Resources */ = {isa = PBXBuildFile; fileRef = C3E60EF51F11B45B0068A28E /* schema.json */; };
		C3E60EF81F11B4FD0068A28E /* API.swift in Sources */ = {isa = PBXBuildFile; fileRef = C3E60EF71F11B4FD0068A28E /* API.swift */; };
/* End PBXBuildFile section */

/* Begin PBXContainerItemProxy section */
		C353084C1E3D163700E2BD8A /* PBXContainerItemProxy */ = {
			isa = PBXContainerItemProxy;
			containerPortal = C353082F1E3D163600E2BD8A /* Project object */;
			proxyType = 1;
			remoteGlobalIDString = C35308361E3D163600E2BD8A;
			remoteInfo = MeMailer5000;
		};
/* End PBXContainerItemProxy section */

/* Begin PBXFileReference section */
		0FB62A14EA431F1C163BA632 /* Pods_MeMailer5000Tests.framework */ = {isa = PBXFileReference; explicitFileType = wrapper.framework; includeInIndex = 0; path = Pods_MeMailer5000Tests.framework; sourceTree = BUILT_PRODUCTS_DIR; };
		26C57B94D587DF7C93C5AAFF /* Pods-Recap.release.xcconfig */ = {isa = PBXFileReference; includeInIndex = 1; lastKnownFileType = text.xcconfig; name = "Pods-Recap.release.xcconfig"; path = "Pods/Target Support Files/Pods-Recap/Pods-Recap.release.xcconfig"; sourceTree = "<group>"; };
		34946F08527E6EFDE941A601 /* Pods_MeMailer5000.framework */ = {isa = PBXFileReference; explicitFileType = wrapper.framework; includeInIndex = 0; path = Pods_MeMailer5000.framework; sourceTree = BUILT_PRODUCTS_DIR; };
		5D60C425F5CD1944B9CF4367 /* Pods-RecapTests.debug.xcconfig */ = {isa = PBXFileReference; includeInIndex = 1; lastKnownFileType = text.xcconfig; name = "Pods-RecapTests.debug.xcconfig"; path = "Pods/Target Support Files/Pods-RecapTests/Pods-RecapTests.debug.xcconfig"; sourceTree = "<group>"; };
		7E8D7D0C1E4A334099968D53 /* Pods_RecapTests.framework */ = {isa = PBXFileReference; explicitFileType = wrapper.framework; includeInIndex = 0; path = Pods_RecapTests.framework; sourceTree = BUILT_PRODUCTS_DIR; };
		86480A54151BC1AE48383D52 /* Pods-Recap.debug.xcconfig */ = {isa = PBXFileReference; includeInIndex = 1; lastKnownFileType = text.xcconfig; name = "Pods-Recap.debug.xcconfig"; path = "Pods/Target Support Files/Pods-Recap/Pods-Recap.debug.xcconfig"; sourceTree = "<group>"; };
		C309724D1F2C0A1B0040A72E /* PersistanceManager.swift */ = {isa = PBXFileReference; fileEncoding = 4; lastKnownFileType = sourcecode.swift; path = PersistanceManager.swift; sourceTree = "<group>"; };
		C309724F1F2D26AC0040A72E /* Film.graphql */ = {isa = PBXFileReference; fileEncoding = 4; lastKnownFileType = text; path = Film.graphql; sourceTree = "<group>"; };
		C30972511F2E85300040A72E /* SentPhotosController.swift */ = {isa = PBXFileReference; fileEncoding = 4; lastKnownFileType = sourcecode.swift; path = SentPhotosController.swift; sourceTree = "<group>"; };
		C30972531F2E867A0040A72E /* SentPhotosLayout.swift */ = {isa = PBXFileReference; fileEncoding = 4; lastKnownFileType = sourcecode.swift; path = SentPhotosLayout.swift; sourceTree = "<group>"; };
		C30972571F30192D0040A72E /* PhotoItem.swift */ = {isa = PBXFileReference; fileEncoding = 4; lastKnownFileType = sourcecode.swift; path = PhotoItem.swift; sourceTree = "<group>"; };
		C30972591F342A4B0040A72E /* ImageProvider.swift */ = {isa = PBXFileReference; fileEncoding = 4; lastKnownFileType = sourcecode.swift; path = ImageProvider.swift; sourceTree = "<group>"; };
		C309725E1F36C5A30040A72E /* SinglePhotoController.swift */ = {isa = PBXFileReference; fileEncoding = 4; lastKnownFileType = sourcecode.swift; path = SinglePhotoController.swift; sourceTree = "<group>"; };
		C30972621F36C62A0040A72E /* SinglePhotoView.swift */ = {isa = PBXFileReference; fileEncoding = 4; lastKnownFileType = sourcecode.swift; path = SinglePhotoView.swift; sourceTree = "<group>"; };
		C30972641F36C6390040A72E /* SinglePhotoView.xib */ = {isa = PBXFileReference; fileEncoding = 4; lastKnownFileType = file.xib; path = SinglePhotoView.xib; sourceTree = "<group>"; };
		C31279C21E3EF09900F52C31 /* Address.swift */ = {isa = PBXFileReference; fileEncoding = 4; lastKnownFileType = sourcecode.swift; path = Address.swift; sourceTree = "<group>"; };
		C313397D1EABAA780080A168 /* Disclaimer.storyboard */ = {isa = PBXFileReference; fileEncoding = 4; lastKnownFileType = file.storyboard; path = Disclaimer.storyboard; sourceTree = "<group>"; };
		C313397F1EABAAED0080A168 /* DisclaimerController.swift */ = {isa = PBXFileReference; fileEncoding = 4; lastKnownFileType = sourcecode.swift; path = DisclaimerController.swift; sourceTree = "<group>"; };
		C31339811EAC47AD0080A168 /* OnboardingCoordinator.swift */ = {isa = PBXFileReference; fileEncoding = 4; lastKnownFileType = sourcecode.swift; path = OnboardingCoordinator.swift; sourceTree = "<group>"; };
		C31339831EAC53B20080A168 /* User.swift */ = {isa = PBXFileReference; fileEncoding = 4; lastKnownFileType = sourcecode.swift; path = User.swift; sourceTree = "<group>"; };
		C31339851EAC56720080A168 /* UserController.swift */ = {isa = PBXFileReference; fileEncoding = 4; lastKnownFileType = sourcecode.swift; path = UserController.swift; sourceTree = "<group>"; };
		C31339881EAD9CE10080A168 /* CameraOverlayView.swift */ = {isa = PBXFileReference; fileEncoding = 4; lastKnownFileType = sourcecode.swift; path = CameraOverlayView.swift; sourceTree = "<group>"; };
		C313398A1EAD9E960080A168 /* CameraOverlayView.xib */ = {isa = PBXFileReference; fileEncoding = 4; lastKnownFileType = file.xib; path = CameraOverlayView.xib; sourceTree = "<group>"; };
		C31E62AD1F26D5EC0084443A /* Photo.graphql */ = {isa = PBXFileReference; fileEncoding = 4; lastKnownFileType = text; path = Photo.graphql; sourceTree = "<group>"; };
		C31E62AF1F286A260084443A /* PhotoError.swift */ = {isa = PBXFileReference; fileEncoding = 4; lastKnownFileType = sourcecode.swift; path = PhotoError.swift; sourceTree = "<group>"; };
		C31E62B11F28730B0084443A /* Photo.swift */ = {isa = PBXFileReference; fileEncoding = 4; lastKnownFileType = sourcecode.swift; path = Photo.swift; sourceTree = "<group>"; };
		C31E62B31F2873550084443A /* Thumbnails.swift */ = {isa = PBXFileReference; fileEncoding = 4; lastKnownFileType = sourcecode.swift; path = Thumbnails.swift; sourceTree = "<group>"; };
		C32652CB1F677DD10027B316 /* FriendsListController.swift */ = {isa = PBXFileReference; fileEncoding = 4; lastKnownFileType = sourcecode.swift; path = FriendsListController.swift; sourceTree = "<group>"; };
		C32652CD1F67892B0027B316 /* FriendCell.swift */ = {isa = PBXFileReference; fileEncoding = 4; lastKnownFileType = sourcecode.swift; path = FriendCell.swift; sourceTree = "<group>"; };
		C32652CF1F6789660027B316 /* FriendCell.xib */ = {isa = PBXFileReference; fileEncoding = 4; lastKnownFileType = file.xib; path = FriendCell.xib; sourceTree = "<group>"; };
		C32BCCDA1F3C157D0080CFA0 /* AlertableError.swift */ = {isa = PBXFileReference; fileEncoding = 4; lastKnownFileType = sourcecode.swift; path = AlertableError.swift; sourceTree = "<group>"; };
		C330B6361E46A17100928284 /* Result.swift */ = {isa = PBXFileReference; fileEncoding = 4; lastKnownFileType = sourcecode.swift; path = Result.swift; sourceTree = "<group>"; };
		C330B63A1E46B82800928284 /* AddressError.swift */ = {isa = PBXFileReference; fileEncoding = 4; lastKnownFileType = sourcecode.swift; path = AddressError.swift; sourceTree = "<group>"; };
		C3346F071E7ED4AA00A136B5 /* Date+Formatting.swift */ = {isa = PBXFileReference; fileEncoding = 4; lastKnownFileType = sourcecode.swift; path = "Date+Formatting.swift"; sourceTree = "<group>"; };
		C3346F091E7ED50100A136B5 /* String+DateFormatting.swift */ = {isa = PBXFileReference; fileEncoding = 4; lastKnownFileType = sourcecode.swift; path = "String+DateFormatting.swift"; sourceTree = "<group>"; };
		C33BD1011ECE96B300132B7D /* SentPhotosFlow.swift */ = {isa = PBXFileReference; fileEncoding = 4; lastKnownFileType = sourcecode.swift; path = SentPhotosFlow.swift; sourceTree = "<group>"; };
		C35308371E3D163600E2BD8A /* Recap.app */ = {isa = PBXFileReference; explicitFileType = wrapper.application; includeInIndex = 0; path = Recap.app; sourceTree = BUILT_PRODUCTS_DIR; };
		C353083A1E3D163600E2BD8A /* AppDelegate.swift */ = {isa = PBXFileReference; lastKnownFileType = sourcecode.swift; path = AppDelegate.swift; sourceTree = "<group>"; };
		C353083C1E3D163600E2BD8A /* CameraViewController.swift */ = {isa = PBXFileReference; lastKnownFileType = sourcecode.swift; path = CameraViewController.swift; sourceTree = "<group>"; };
		C353083F1E3D163600E2BD8A /* Base */ = {isa = PBXFileReference; lastKnownFileType = file.storyboard; name = Base; path = Base.lproj/Camera.storyboard; sourceTree = "<group>"; };
		C35308411E3D163600E2BD8A /* Assets.xcassets */ = {isa = PBXFileReference; lastKnownFileType = folder.assetcatalog; path = Assets.xcassets; sourceTree = "<group>"; };
		C35308441E3D163600E2BD8A /* Base */ = {isa = PBXFileReference; lastKnownFileType = file.storyboard; name = Base; path = Base.lproj/LaunchScreen.storyboard; sourceTree = "<group>"; };
		C35308461E3D163600E2BD8A /* Info.plist */ = {isa = PBXFileReference; lastKnownFileType = text.plist.xml; path = Info.plist; sourceTree = "<group>"; };
		C353084B1E3D163700E2BD8A /* RecapTests.xctest */ = {isa = PBXFileReference; explicitFileType = wrapper.cfbundle; includeInIndex = 0; path = RecapTests.xctest; sourceTree = BUILT_PRODUCTS_DIR; };
		C35308511E3D163700E2BD8A /* Info.plist */ = {isa = PBXFileReference; lastKnownFileType = text.plist; name = Info.plist; path = RecapTests/Info.plist; sourceTree = "<group>"; };
		C36A27ED1EB2E7E0008AA900 /* CameraOverlayViewModel.swift */ = {isa = PBXFileReference; fileEncoding = 4; lastKnownFileType = sourcecode.swift; path = CameraOverlayViewModel.swift; sourceTree = "<group>"; };
		C36A27EF1EB43E6B008AA900 /* PhotoTakenView.swift */ = {isa = PBXFileReference; fileEncoding = 4; lastKnownFileType = sourcecode.swift; path = PhotoTakenView.swift; sourceTree = "<group>"; };
		C36A27F31EB454CA008AA900 /* PhotoTakenViewModel.swift */ = {isa = PBXFileReference; fileEncoding = 4; lastKnownFileType = sourcecode.swift; path = PhotoTakenViewModel.swift; sourceTree = "<group>"; };
		C36EA09B1EB68FD100D37113 /* SimpleImageLabelAlert.swift */ = {isa = PBXFileReference; fileEncoding = 4; lastKnownFileType = sourcecode.swift; path = SimpleImageLabelAlert.swift; sourceTree = "<group>"; };
		C37C2E381F116D66002DFE7D /* Signup.storyboard */ = {isa = PBXFileReference; fileEncoding = 4; lastKnownFileType = file.storyboard; path = Signup.storyboard; sourceTree = "<group>"; };
		C37C2E3A1F1172A8002DFE7D /* SignUpViewController.swift */ = {isa = PBXFileReference; fileEncoding = 4; lastKnownFileType = sourcecode.swift; path = SignUpViewController.swift; sourceTree = "<group>"; };
		C37C2E3E1F117F74002DFE7D /* User.graphql */ = {isa = PBXFileReference; fileEncoding = 4; lastKnownFileType = text; path = User.graphql; sourceTree = "<group>"; };
		C37F67A01F0AC247005FF8EC /* FilterProvider.swift */ = {isa = PBXFileReference; fileEncoding = 4; lastKnownFileType = sourcecode.swift; path = FilterProvider.swift; sourceTree = "<group>"; };
		C37F67A31F0DE9D3005FF8EC /* Login.storyboard */ = {isa = PBXFileReference; fileEncoding = 4; lastKnownFileType = file.storyboard; path = Login.storyboard; sourceTree = "<group>"; };
		C37F67A51F0DEFDD005FF8EC /* LoginViewController.swift */ = {isa = PBXFileReference; fileEncoding = 4; lastKnownFileType = sourcecode.swift; path = LoginViewController.swift; sourceTree = "<group>"; };
		C38A88F61EE7C73600445692 /* EmptyFilmList.xib */ = {isa = PBXFileReference; fileEncoding = 4; lastKnownFileType = file.xib; path = EmptyFilmList.xib; sourceTree = "<group>"; };
		C38A88F81EE7C8C200445692 /* EmptyFilmList.swift */ = {isa = PBXFileReference; fileEncoding = 4; lastKnownFileType = sourcecode.swift; path = EmptyFilmList.swift; sourceTree = "<group>"; };
		C39028551EC9570900D8E257 /* SettingsViewModel.swift */ = {isa = PBXFileReference; fileEncoding = 4; lastKnownFileType = sourcecode.swift; path = SettingsViewModel.swift; sourceTree = "<group>"; };
		C39028571EC95B0700D8E257 /* SettingsFlow.swift */ = {isa = PBXFileReference; fileEncoding = 4; lastKnownFileType = sourcecode.swift; path = SettingsFlow.swift; sourceTree = "<group>"; };
		C396E7B71E5107B7009C4696 /* PostcardSender.swift */ = {isa = PBXFileReference; fileEncoding = 4; lastKnownFileType = sourcecode.swift; path = PostcardSender.swift; sourceTree = "<group>"; };
		C396E7B91E5109ED009C4696 /* NetworkClient.swift */ = {isa = PBXFileReference; fileEncoding = 4; lastKnownFileType = sourcecode.swift; path = NetworkClient.swift; sourceTree = "<group>"; };
		C396E7BB1E5567F5009C4696 /* PostcardProvider.swift */ = {isa = PBXFileReference; fileEncoding = 4; lastKnownFileType = sourcecode.swift; path = PostcardProvider.swift; sourceTree = "<group>"; };
		C396E7BD1E5B901A009C4696 /* Postcard.swift */ = {isa = PBXFileReference; fileEncoding = 4; lastKnownFileType = sourcecode.swift; path = Postcard.swift; sourceTree = "<group>"; };
		C3A841C81F25102C009E43BE /* GraphQLInitializers.swift */ = {isa = PBXFileReference; fileEncoding = 4; lastKnownFileType = sourcecode.swift; path = GraphQLInitializers.swift; sourceTree = "<group>"; };
		C3A841CA1F25593D009E43BE /* ApolloWrapper.swift */ = {isa = PBXFileReference; fileEncoding = 4; lastKnownFileType = sourcecode.swift; path = ApolloWrapper.swift; sourceTree = "<group>"; };
		C3AE4C271EDFC1A80019ED8C /* Purchase.storyboard */ = {isa = PBXFileReference; fileEncoding = 4; lastKnownFileType = file.storyboard; path = Purchase.storyboard; sourceTree = "<group>"; };
		C3AE4C291EDFC1F00019ED8C /* PurchaseViewController.swift */ = {isa = PBXFileReference; fileEncoding = 4; lastKnownFileType = sourcecode.swift; path = PurchaseViewController.swift; sourceTree = "<group>"; };
		C3AE4C2B1EDFC22D0019ED8C /* PurchaseFlow.swift */ = {isa = PBXFileReference; fileEncoding = 4; lastKnownFileType = sourcecode.swift; path = PurchaseFlow.swift; sourceTree = "<group>"; };
		C3AE4C2D1EDFC5EC0019ED8C /* CameraFlow.swift */ = {isa = PBXFileReference; fileEncoding = 4; lastKnownFileType = sourcecode.swift; path = CameraFlow.swift; sourceTree = "<group>"; };
		C3AE4C2F1EE1166F0019ED8C /* PurchaseViewModel.swift */ = {isa = PBXFileReference; fileEncoding = 4; lastKnownFileType = sourcecode.swift; path = PurchaseViewModel.swift; sourceTree = "<group>"; };
		C3C347491EA711280008E62E /* WelcomeViewController.swift */ = {isa = PBXFileReference; fileEncoding = 4; lastKnownFileType = sourcecode.swift; path = WelcomeViewController.swift; sourceTree = "<group>"; };
		C3C3474D1EA7119E0008E62E /* Welcome.storyboard */ = {isa = PBXFileReference; fileEncoding = 4; lastKnownFileType = file.storyboard; path = Welcome.storyboard; sourceTree = "<group>"; };
		C3C3474F1EA7124B0008E62E /* UIColor+Pallette.swift */ = {isa = PBXFileReference; fileEncoding = 4; lastKnownFileType = sourcecode.swift; path = "UIColor+Pallette.swift"; sourceTree = "<group>"; };
		C3C347511EA83AD50008E62E /* OnboardingFlow.swift */ = {isa = PBXFileReference; fileEncoding = 4; lastKnownFileType = sourcecode.swift; path = OnboardingFlow.swift; sourceTree = "<group>"; };
		C3C347531EA83BD10008E62E /* WelcomeViewModel.swift */ = {isa = PBXFileReference; fileEncoding = 4; lastKnownFileType = sourcecode.swift; path = WelcomeViewModel.swift; sourceTree = "<group>"; };
		C3C347551EA83D800008E62E /* WelcomeItem.swift */ = {isa = PBXFileReference; fileEncoding = 4; lastKnownFileType = sourcecode.swift; path = WelcomeItem.swift; sourceTree = "<group>"; };
		C3C347571EA83D930008E62E /* WelcomeItem.xib */ = {isa = PBXFileReference; fileEncoding = 4; lastKnownFileType = file.xib; path = WelcomeItem.xib; sourceTree = "<group>"; };
		C3C3475D1EA861190008E62E /* EnterAddress.storyboard */ = {isa = PBXFileReference; fileEncoding = 4; lastKnownFileType = file.storyboard; path = EnterAddress.storyboard; sourceTree = "<group>"; };
		C3C3475F1EA865490008E62E /* EnterAddressController.swift */ = {isa = PBXFileReference; fileEncoding = 4; lastKnownFileType = sourcecode.swift; path = EnterAddressController.swift; sourceTree = "<group>"; };
		C3C347611EA9A5660008E62E /* TextInputItem.swift */ = {isa = PBXFileReference; fileEncoding = 4; lastKnownFileType = sourcecode.swift; path = TextInputItem.swift; sourceTree = "<group>"; };
		C3C347631EA9A5770008E62E /* TextInputItem.xib */ = {isa = PBXFileReference; fileEncoding = 4; lastKnownFileType = file.xib; path = TextInputItem.xib; sourceTree = "<group>"; };
		C3C347651EA9A99D0008E62E /* InputAddressView.swift */ = {isa = PBXFileReference; fileEncoding = 4; lastKnownFileType = sourcecode.swift; path = InputAddressView.swift; sourceTree = "<group>"; };
		C3C347671EA9A9B10008E62E /* InputAddressView.xib */ = {isa = PBXFileReference; fileEncoding = 4; lastKnownFileType = file.xib; path = InputAddressView.xib; sourceTree = "<group>"; };
		C3C347691EAAFCF50008E62E /* UIButton+Closures.swift */ = {isa = PBXFileReference; fileEncoding = 4; lastKnownFileType = sourcecode.swift; path = "UIButton+Closures.swift"; sourceTree = "<group>"; };
		C3C7C28A1EAB98340071F433 /* EnterAddressViewModel.swift */ = {isa = PBXFileReference; fileEncoding = 4; lastKnownFileType = sourcecode.swift; path = EnterAddressViewModel.swift; sourceTree = "<group>"; };
		C3C7C28C1EAB9BDD0071F433 /* UIAlertController+CommonAlerts.swift */ = {isa = PBXFileReference; fileEncoding = 4; lastKnownFileType = sourcecode.swift; path = "UIAlertController+CommonAlerts.swift"; sourceTree = "<group>"; };
		C3CAC4791EBE1FAB007CECF3 /* PositiveAlertViewModel.swift */ = {isa = PBXFileReference; fileEncoding = 4; lastKnownFileType = sourcecode.swift; path = PositiveAlertViewModel.swift; sourceTree = "<group>"; };
		C3CAC4811EBFA592007CECF3 /* Settings.storyboard */ = {isa = PBXFileReference; fileEncoding = 4; lastKnownFileType = file.storyboard; path = Settings.storyboard; sourceTree = "<group>"; };
		C3CAC4831EBFA5C5007CECF3 /* SettingsViewController.swift */ = {isa = PBXFileReference; fileEncoding = 4; lastKnownFileType = sourcecode.swift; path = SettingsViewController.swift; sourceTree = "<group>"; };
		C3CE0E281E6E628F008000B1 /* RootFlowCoordinator.swift */ = {isa = PBXFileReference; fileEncoding = 4; lastKnownFileType = sourcecode.swift; path = RootFlowCoordinator.swift; sourceTree = "<group>"; };
		C3CE0E2B1E6E6730008000B1 /* R.generated.swift */ = {isa = PBXFileReference; fileEncoding = 4; lastKnownFileType = sourcecode.swift; path = R.generated.swift; sourceTree = "<group>"; };
		C3CE0E2D1E6E6B00008000B1 /* CameraViewModel.swift */ = {isa = PBXFileReference; fileEncoding = 4; lastKnownFileType = sourcecode.swift; path = CameraViewModel.swift; sourceTree = "<group>"; };
		C3CE0E321E726EE7008000B1 /* UIBarButtonItem+Closures.swift */ = {isa = PBXFileReference; fileEncoding = 4; lastKnownFileType = sourcecode.swift; path = "UIBarButtonItem+Closures.swift"; sourceTree = "<group>"; };
		C3CE0E341E7592E2008000B1 /* Configuration.swift */ = {isa = PBXFileReference; fileEncoding = 4; lastKnownFileType = sourcecode.swift; path = Configuration.swift; sourceTree = "<group>"; };
		C3DB8C431E4057820076B7A3 /* AddressProvider.swift */ = {isa = PBXFileReference; fileEncoding = 4; lastKnownFileType = sourcecode.swift; path = AddressProvider.swift; sourceTree = "<group>"; };
		C3DB8C461E419D550076B7A3 /* AddressParser.swift */ = {isa = PBXFileReference; fileEncoding = 4; lastKnownFileType = sourcecode.swift; path = AddressParser.swift; sourceTree = "<group>"; };
		C3E60EF51F11B45B0068A28E /* schema.json */ = {isa = PBXFileReference; fileEncoding = 4; lastKnownFileType = text.json; path = schema.json; sourceTree = "<group>"; };
		C3E60EF71F11B4FD0068A28E /* API.swift */ = {isa = PBXFileReference; fileEncoding = 4; lastKnownFileType = sourcecode.swift; path = API.swift; sourceTree = "<group>"; };
		EC5DDE820945FAE41102A623 /* Pods_Recap.framework */ = {isa = PBXFileReference; explicitFileType = wrapper.framework; includeInIndex = 0; path = Pods_Recap.framework; sourceTree = BUILT_PRODUCTS_DIR; };
		EDCD6FD234A482CFF7BC8C6F /* Pods-RecapTests.release.xcconfig */ = {isa = PBXFileReference; includeInIndex = 1; lastKnownFileType = text.xcconfig; name = "Pods-RecapTests.release.xcconfig"; path = "Pods/Target Support Files/Pods-RecapTests/Pods-RecapTests.release.xcconfig"; sourceTree = "<group>"; };
/* End PBXFileReference section */

/* Begin PBXFrameworksBuildPhase section */
		C35308341E3D163600E2BD8A /* Frameworks */ = {
			isa = PBXFrameworksBuildPhase;
			buildActionMask = 2147483647;
			files = (
				7EC37E0C7861A5BD4E105569 /* Pods_Recap.framework in Frameworks */,
			);
			runOnlyForDeploymentPostprocessing = 0;
		};
		C35308481E3D163700E2BD8A /* Frameworks */ = {
			isa = PBXFrameworksBuildPhase;
			buildActionMask = 2147483647;
			files = (
				33542493721BBDDE8F2031C6 /* Pods_MeMailer5000Tests.framework in Frameworks */,
				0C722E149F7A262C791376F1 /* Pods_RecapTests.framework in Frameworks */,
			);
			runOnlyForDeploymentPostprocessing = 0;
		};
/* End PBXFrameworksBuildPhase section */

/* Begin PBXGroup section */
		41530DDD405F3A826C061475 /* Frameworks */ = {
			isa = PBXGroup;
			children = (
				34946F08527E6EFDE941A601 /* Pods_MeMailer5000.framework */,
				0FB62A14EA431F1C163BA632 /* Pods_MeMailer5000Tests.framework */,
				EC5DDE820945FAE41102A623 /* Pods_Recap.framework */,
				7E8D7D0C1E4A334099968D53 /* Pods_RecapTests.framework */,
			);
			name = Frameworks;
			sourceTree = "<group>";
		};
		961BC0D7755048E8FFEBD3EF /* Pods */ = {
			isa = PBXGroup;
			children = (
				86480A54151BC1AE48383D52 /* Pods-Recap.debug.xcconfig */,
				26C57B94D587DF7C93C5AAFF /* Pods-Recap.release.xcconfig */,
				5D60C425F5CD1944B9CF4367 /* Pods-RecapTests.debug.xcconfig */,
				EDCD6FD234A482CFF7BC8C6F /* Pods-RecapTests.release.xcconfig */,
			);
			name = Pods;
			sourceTree = "<group>";
		};
		C309725B1F36C45A0040A72E /* Single Photo */ = {
			isa = PBXGroup;
			children = (
				C309725E1F36C5A30040A72E /* SinglePhotoController.swift */,
				C30972621F36C62A0040A72E /* SinglePhotoView.swift */,
				C30972641F36C6390040A72E /* SinglePhotoView.xib */,
			);
			name = "Single Photo";
			sourceTree = "<group>";
		};
		C313397C1EABAA530080A168 /* Disclaimer */ = {
			isa = PBXGroup;
			children = (
				C313397D1EABAA780080A168 /* Disclaimer.storyboard */,
				C313397F1EABAAED0080A168 /* DisclaimerController.swift */,
			);
			name = Disclaimer;
			sourceTree = "<group>";
		};
		C31339871EAC58D60080A168 /* User */ = {
			isa = PBXGroup;
			children = (
				C31339831EAC53B20080A168 /* User.swift */,
				C31339851EAC56720080A168 /* UserController.swift */,
				C309724D1F2C0A1B0040A72E /* PersistanceManager.swift */,
				C31E62AF1F286A260084443A /* PhotoError.swift */,
			);
			name = User;
			sourceTree = "<group>";
		};
		C32652CA1F677D9E0027B316 /* Friends List */ = {
			isa = PBXGroup;
			children = (
				C32652CB1F677DD10027B316 /* FriendsListController.swift */,
				C32652CD1F67892B0027B316 /* FriendCell.swift */,
				C32652CF1F6789660027B316 /* FriendCell.xib */,
			);
			name = "Friends List";
			sourceTree = "<group>";
		};
		C33BD1031ECE974800132B7D /* Sent Photos */ = {
			isa = PBXGroup;
			children = (
				C38A88F61EE7C73600445692 /* EmptyFilmList.xib */,
				C38A88F81EE7C8C200445692 /* EmptyFilmList.swift */,
				C30972511F2E85300040A72E /* SentPhotosController.swift */,
				C30972531F2E867A0040A72E /* SentPhotosLayout.swift */,
				C30972571F30192D0040A72E /* PhotoItem.swift */,
				C309725B1F36C45A0040A72E /* Single Photo */,
			);
			name = "Sent Photos";
			sourceTree = "<group>";
		};
		C3456FBE1EB559DC00876528 /* Overlay */ = {
			isa = PBXGroup;
			children = (
				C31339881EAD9CE10080A168 /* CameraOverlayView.swift */,
				C313398A1EAD9E960080A168 /* CameraOverlayView.xib */,
				C36A27ED1EB2E7E0008AA900 /* CameraOverlayViewModel.swift */,
			);
			name = Overlay;
			sourceTree = "<group>";
		};
		C3456FBF1EB55A0B00876528 /* Photo taken */ = {
			isa = PBXGroup;
			children = (
				C36A27EF1EB43E6B008AA900 /* PhotoTakenView.swift */,
				C36A27F31EB454CA008AA900 /* PhotoTakenViewModel.swift */,
			);
			name = "Photo taken";
			sourceTree = "<group>";
		};
		C353082E1E3D163600E2BD8A = {
			isa = PBXGroup;
			children = (
				C3CE0E2B1E6E6730008000B1 /* R.generated.swift */,
				C35308391E3D163600E2BD8A /* Recap */,
				C353084E1E3D163700E2BD8A /* RecapTests */,
				C35308381E3D163600E2BD8A /* Products */,
				961BC0D7755048E8FFEBD3EF /* Pods */,
				41530DDD405F3A826C061475 /* Frameworks */,
			);
			sourceTree = "<group>";
		};
		C35308381E3D163600E2BD8A /* Products */ = {
			isa = PBXGroup;
			children = (
				C35308371E3D163600E2BD8A /* Recap.app */,
				C353084B1E3D163700E2BD8A /* RecapTests.xctest */,
			);
			name = Products;
			sourceTree = "<group>";
		};
		C35308391E3D163600E2BD8A /* Recap */ = {
			isa = PBXGroup;
			children = (
				C3CE0E271E6E6273008000B1 /* App */,
				C3AD56841E4C37CA00C348F0 /* Camera */,
				C32652CA1F677D9E0027B316 /* Friends List */,
				C3E7C2681EFF31E8001E45FC /* GraphQL */,
				C39028541EC4178700D8E257 /* HUD */,
				C35308431E3D163600E2BD8A /* LaunchScreen.storyboard */,
				C3DB8C401E4046C00076B7A3 /* models */,
				C3CAC47F1EBEAA50007CECF3 /* Parsers */,
				C396E7B71E5107B7009C4696 /* PostcardSender.swift */,
				C3DB8C451E40578C0076B7A3 /* Providers */,
				C3AE4C261EDFC18C0019ED8C /* Purchase */,
				C3CAC47E1EBEAA26007CECF3 /* Resources */,
				C33BD1031ECE974800132B7D /* Sent Photos */,
				C3CAC4801EBFA571007CECF3 /* Settings */,
				C31339871EAC58D60080A168 /* User */,
				C3CAC47D1EBEA9EC007CECF3 /* Utilities */,
				C3C347481EA710ED0008E62E /* Welcome */,
			);
			path = Recap;
			sourceTree = "<group>";
		};
		C353084E1E3D163700E2BD8A /* RecapTests */ = {
			isa = PBXGroup;
			children = (
				C35308511E3D163700E2BD8A /* Info.plist */,
			);
			name = RecapTests;
			path = MeMailer5000Tests;
			sourceTree = "<group>";
		};
		C37F67A21F0DE9AC005FF8EC /* sign up / login */ = {
			isa = PBXGroup;
			children = (
				C37F67A31F0DE9D3005FF8EC /* Login.storyboard */,
				C37F67A51F0DEFDD005FF8EC /* LoginViewController.swift */,
				C37C2E381F116D66002DFE7D /* Signup.storyboard */,
				C37C2E3A1F1172A8002DFE7D /* SignUpViewController.swift */,
			);
			name = "sign up / login";
			sourceTree = "<group>";
		};
		C39028541EC4178700D8E257 /* HUD */ = {
			isa = PBXGroup;
			children = (
				C36EA09B1EB68FD100D37113 /* SimpleImageLabelAlert.swift */,
				C3CAC4791EBE1FAB007CECF3 /* PositiveAlertViewModel.swift */,
			);
			name = HUD;
			sourceTree = "<group>";
		};
		C3AD56841E4C37CA00C348F0 /* Camera */ = {
			isa = PBXGroup;
			children = (
				C353083E1E3D163600E2BD8A /* Camera.storyboard */,
				C353083C1E3D163600E2BD8A /* CameraViewController.swift */,
				C3CE0E2D1E6E6B00008000B1 /* CameraViewModel.swift */,
				C3456FBE1EB559DC00876528 /* Overlay */,
				C3456FBF1EB55A0B00876528 /* Photo taken */,
			);
			name = Camera;
			sourceTree = "<group>";
		};
		C3AE4C261EDFC18C0019ED8C /* Purchase */ = {
			isa = PBXGroup;
			children = (
				C3AE4C271EDFC1A80019ED8C /* Purchase.storyboard */,
				C3AE4C291EDFC1F00019ED8C /* PurchaseViewController.swift */,
				C3AE4C2F1EE1166F0019ED8C /* PurchaseViewModel.swift */,
			);
			name = Purchase;
			sourceTree = "<group>";
		};
		C3C347481EA710ED0008E62E /* Welcome */ = {
			isa = PBXGroup;
			children = (
				C37F67A21F0DE9AC005FF8EC /* sign up / login */,
				C313397C1EABAA530080A168 /* Disclaimer */,
				C3C3475C1EA860950008E62E /* Enter Address */,
				C3C3475B1EA85B420008E62E /* Welcome */,
				C31339811EAC47AD0080A168 /* OnboardingCoordinator.swift */,
			);
			name = Welcome;
			sourceTree = "<group>";
		};
		C3C3475B1EA85B420008E62E /* Welcome */ = {
			isa = PBXGroup;
			children = (
				C3C347491EA711280008E62E /* WelcomeViewController.swift */,
				C3C347531EA83BD10008E62E /* WelcomeViewModel.swift */,
				C3C347551EA83D800008E62E /* WelcomeItem.swift */,
				C3C347571EA83D930008E62E /* WelcomeItem.xib */,
				C3C3474D1EA7119E0008E62E /* Welcome.storyboard */,
			);
			name = Welcome;
			sourceTree = "<group>";
		};
		C3C3475C1EA860950008E62E /* Enter Address */ = {
			isa = PBXGroup;
			children = (
				C3C3475D1EA861190008E62E /* EnterAddress.storyboard */,
				C3C3475F1EA865490008E62E /* EnterAddressController.swift */,
				C3C7C28A1EAB98340071F433 /* EnterAddressViewModel.swift */,
				C3C347651EA9A99D0008E62E /* InputAddressView.swift */,
				C3C347671EA9A9B10008E62E /* InputAddressView.xib */,
				C3C347611EA9A5660008E62E /* TextInputItem.swift */,
				C3C347631EA9A5770008E62E /* TextInputItem.xib */,
			);
			name = "Enter Address";
			sourceTree = "<group>";
		};
		C3CAC47D1EBEA9EC007CECF3 /* Utilities */ = {
			isa = PBXGroup;
			children = (
				C330B6361E46A17100928284 /* Result.swift */,
				C32BCCDA1F3C157D0080CFA0 /* AlertableError.swift */,
				C396E7B91E5109ED009C4696 /* NetworkClient.swift */,
				C37F67A01F0AC247005FF8EC /* FilterProvider.swift */,
				C30972591F342A4B0040A72E /* ImageProvider.swift */,
				C3CE0E311E726EB7008000B1 /* Extensions */,
			);
			name = Utilities;
			sourceTree = "<group>";
		};
		C3CAC47E1EBEAA26007CECF3 /* Resources */ = {
			isa = PBXGroup;
			children = (
				C35308461E3D163600E2BD8A /* Info.plist */,
				C3CE0E341E7592E2008000B1 /* Configuration.swift */,
				C35308411E3D163600E2BD8A /* Assets.xcassets */,
			);
			name = Resources;
			sourceTree = "<group>";
		};
		C3CAC47F1EBEAA50007CECF3 /* Parsers */ = {
			isa = PBXGroup;
			children = (
				C3DB8C461E419D550076B7A3 /* AddressParser.swift */,
			);
			name = Parsers;
			sourceTree = "<group>";
		};
		C3CAC4801EBFA571007CECF3 /* Settings */ = {
			isa = PBXGroup;
			children = (
				C3CAC4811EBFA592007CECF3 /* Settings.storyboard */,
				C3CAC4831EBFA5C5007CECF3 /* SettingsViewController.swift */,
				C39028551EC9570900D8E257 /* SettingsViewModel.swift */,
			);
			name = Settings;
			sourceTree = "<group>";
		};
		C3CE0E271E6E6273008000B1 /* App */ = {
			isa = PBXGroup;
			children = (
				C353083A1E3D163600E2BD8A /* AppDelegate.swift */,
				C3AE4C2D1EDFC5EC0019ED8C /* CameraFlow.swift */,
				C3C347511EA83AD50008E62E /* OnboardingFlow.swift */,
				C3AE4C2B1EDFC22D0019ED8C /* PurchaseFlow.swift */,
				C3CE0E281E6E628F008000B1 /* RootFlowCoordinator.swift */,
				C33BD1011ECE96B300132B7D /* SentPhotosFlow.swift */,
				C39028571EC95B0700D8E257 /* SettingsFlow.swift */,
			);
			name = App;
			sourceTree = "<group>";
		};
		C3CE0E311E726EB7008000B1 /* Extensions */ = {
			isa = PBXGroup;
			children = (
				C3CE0E321E726EE7008000B1 /* UIBarButtonItem+Closures.swift */,
				C3346F071E7ED4AA00A136B5 /* Date+Formatting.swift */,
				C3C347691EAAFCF50008E62E /* UIButton+Closures.swift */,
				C3346F091E7ED50100A136B5 /* String+DateFormatting.swift */,
				C3C3474F1EA7124B0008E62E /* UIColor+Pallette.swift */,
				C3C7C28C1EAB9BDD0071F433 /* UIAlertController+CommonAlerts.swift */,
			);
			name = Extensions;
			sourceTree = "<group>";
		};
		C3DB8C401E4046C00076B7A3 /* models */ = {
			isa = PBXGroup;
			children = (
				C31E62B11F28730B0084443A /* Photo.swift */,
				C31E62B31F2873550084443A /* Thumbnails.swift */,
				C31279C21E3EF09900F52C31 /* Address.swift */,
				C330B63A1E46B82800928284 /* AddressError.swift */,
				C396E7BD1E5B901A009C4696 /* Postcard.swift */,
			);
			name = models;
			sourceTree = "<group>";
		};
		C3DB8C451E40578C0076B7A3 /* Providers */ = {
			isa = PBXGroup;
			children = (
				C3DB8C431E4057820076B7A3 /* AddressProvider.swift */,
				C396E7BB1E5567F5009C4696 /* PostcardProvider.swift */,
			);
			name = Providers;
			sourceTree = "<group>";
		};
		C3E7C2681EFF31E8001E45FC /* GraphQL */ = {
			isa = PBXGroup;
			children = (
				C37C2E3E1F117F74002DFE7D /* User.graphql */,
				C309724F1F2D26AC0040A72E /* Film.graphql */,
				C31E62AD1F26D5EC0084443A /* Photo.graphql */,
				C3E60EF51F11B45B0068A28E /* schema.json */,
				C3E60EF71F11B4FD0068A28E /* API.swift */,
				C3A841C81F25102C009E43BE /* GraphQLInitializers.swift */,
				C3A841CA1F25593D009E43BE /* ApolloWrapper.swift */,
			);
			name = GraphQL;
			sourceTree = "<group>";
		};
/* End PBXGroup section */

/* Begin PBXNativeTarget section */
		C35308361E3D163600E2BD8A /* Recap */ = {
			isa = PBXNativeTarget;
			buildConfigurationList = C35308541E3D163700E2BD8A /* Build configuration list for PBXNativeTarget "Recap" */;
			buildPhases = (
				DC8C45A50436D9812C0214C5 /* [CP] Check Pods Manifest.lock */,
				C3CE0E2A1E6E6605008000B1 /* R.Swift */,
				C35308331E3D163600E2BD8A /* Sources */,
				C35308341E3D163600E2BD8A /* Frameworks */,
				C35308351E3D163600E2BD8A /* Resources */,
				B8465CD53FD5323420309FEB /* [CP] Embed Pods Frameworks */,
				8DF5E67DC309A4338C2E217E /* [CP] Copy Pods Resources */,
			);
			buildRules = (
			);
			dependencies = (
			);
			name = Recap;
			productName = MeMailer5000;
			productReference = C35308371E3D163600E2BD8A /* Recap.app */;
			productType = "com.apple.product-type.application";
		};
		C353084A1E3D163700E2BD8A /* RecapTests */ = {
			isa = PBXNativeTarget;
			buildConfigurationList = C35308571E3D163700E2BD8A /* Build configuration list for PBXNativeTarget "RecapTests" */;
			buildPhases = (
				4F8830C339DEBADE782A82AD /* [CP] Check Pods Manifest.lock */,
				C35308471E3D163700E2BD8A /* Sources */,
				C35308481E3D163700E2BD8A /* Frameworks */,
				C35308491E3D163700E2BD8A /* Resources */,
				6CD774A96B9730E1DEC687DF /* [CP] Embed Pods Frameworks */,
				CCE6006289710B34B6E1B954 /* [CP] Copy Pods Resources */,
			);
			buildRules = (
			);
			dependencies = (
				C353084D1E3D163700E2BD8A /* PBXTargetDependency */,
			);
			name = RecapTests;
			productName = MeMailer5000Tests;
			productReference = C353084B1E3D163700E2BD8A /* RecapTests.xctest */;
			productType = "com.apple.product-type.bundle.unit-test";
		};
/* End PBXNativeTarget section */

/* Begin PBXProject section */
		C353082F1E3D163600E2BD8A /* Project object */ = {
			isa = PBXProject;
			attributes = {
				LastSwiftUpdateCheck = 0820;
				LastUpgradeCheck = 0820;
				ORGANIZATIONNAME = memailer;
				TargetAttributes = {
					C35308361E3D163600E2BD8A = {
						CreatedOnToolsVersion = 8.2.1;
						DevelopmentTeam = 9GFQY5F3X4;
						ProvisioningStyle = Automatic;
					};
					C353084A1E3D163700E2BD8A = {
						CreatedOnToolsVersion = 8.2.1;
						DevelopmentTeam = 9GFQY5F3X4;
						ProvisioningStyle = Automatic;
						TestTargetID = C35308361E3D163600E2BD8A;
					};
				};
			};
			buildConfigurationList = C35308321E3D163600E2BD8A /* Build configuration list for PBXProject "Recap" */;
			compatibilityVersion = "Xcode 3.2";
			developmentRegion = English;
			hasScannedForEncodings = 0;
			knownRegions = (
				en,
				Base,
			);
			mainGroup = C353082E1E3D163600E2BD8A;
			productRefGroup = C35308381E3D163600E2BD8A /* Products */;
			projectDirPath = "";
			projectRoot = "";
			targets = (
				C35308361E3D163600E2BD8A /* Recap */,
				C353084A1E3D163700E2BD8A /* RecapTests */,
			);
		};
/* End PBXProject section */

/* Begin PBXResourcesBuildPhase section */
		C35308351E3D163600E2BD8A /* Resources */ = {
			isa = PBXResourcesBuildPhase;
			buildActionMask = 2147483647;
			files = (
				C3C347681EA9A9B10008E62E /* InputAddressView.xib in Resources */,
				C37C2E3F1F117F74002DFE7D /* User.graphql in Resources */,
				C37F67A41F0DE9D3005FF8EC /* Login.storyboard in Resources */,
				C35308451E3D163600E2BD8A /* LaunchScreen.storyboard in Resources */,
				C31E62AE1F26D5EC0084443A /* Photo.graphql in Resources */,
				C3CAC4821EBFA592007CECF3 /* Settings.storyboard in Resources */,
				C3C347581EA83D930008E62E /* WelcomeItem.xib in Resources */,
				C3E60EF61F11B45B0068A28E /* schema.json in Resources */,
				C3C3475E1EA861190008E62E /* EnterAddress.storyboard in Resources */,
				C30972501F2D26AC0040A72E /* Film.graphql in Resources */,
				C32652D01F6789660027B316 /* FriendCell.xib in Resources */,
				C35308421E3D163600E2BD8A /* Assets.xcassets in Resources */,
				C38A88F71EE7C73600445692 /* EmptyFilmList.xib in Resources */,
				C3C347641EA9A5770008E62E /* TextInputItem.xib in Resources */,
				C3C3474E1EA7119E0008E62E /* Welcome.storyboard in Resources */,
				C3AE4C281EDFC1A80019ED8C /* Purchase.storyboard in Resources */,
				C313398B1EAD9E960080A168 /* CameraOverlayView.xib in Resources */,
				C35308401E3D163600E2BD8A /* Camera.storyboard in Resources */,
				C313397E1EABAA780080A168 /* Disclaimer.storyboard in Resources */,
				C37C2E391F116D66002DFE7D /* Signup.storyboard in Resources */,
				C30972651F36C6390040A72E /* SinglePhotoView.xib in Resources */,
			);
			runOnlyForDeploymentPostprocessing = 0;
		};
		C35308491E3D163700E2BD8A /* Resources */ = {
			isa = PBXResourcesBuildPhase;
			buildActionMask = 2147483647;
			files = (
			);
			runOnlyForDeploymentPostprocessing = 0;
		};
/* End PBXResourcesBuildPhase section */

/* Begin PBXShellScriptBuildPhase section */
		4F8830C339DEBADE782A82AD /* [CP] Check Pods Manifest.lock */ = {
			isa = PBXShellScriptBuildPhase;
			buildActionMask = 2147483647;
			files = (
			);
			inputPaths = (
			);
			name = "[CP] Check Pods Manifest.lock";
			outputPaths = (
			);
			runOnlyForDeploymentPostprocessing = 0;
			shellPath = /bin/sh;
			shellScript = "diff \"${PODS_ROOT}/../Podfile.lock\" \"${PODS_ROOT}/Manifest.lock\" > /dev/null\nif [ $? != 0 ] ; then\n    # print error to STDERR\n    echo \"error: The sandbox is not in sync with the Podfile.lock. Run 'pod install' or update your CocoaPods installation.\" >&2\n    exit 1\nfi\n";
			showEnvVarsInLog = 0;
		};
		6CD774A96B9730E1DEC687DF /* [CP] Embed Pods Frameworks */ = {
			isa = PBXShellScriptBuildPhase;
			buildActionMask = 2147483647;
			files = (
			);
			inputPaths = (
			);
			name = "[CP] Embed Pods Frameworks";
			outputPaths = (
			);
			runOnlyForDeploymentPostprocessing = 0;
			shellPath = /bin/sh;
			shellScript = "\"${SRCROOT}/Pods/Target Support Files/Pods-RecapTests/Pods-RecapTests-frameworks.sh\"\n";
			showEnvVarsInLog = 0;
		};
		8DF5E67DC309A4338C2E217E /* [CP] Copy Pods Resources */ = {
			isa = PBXShellScriptBuildPhase;
			buildActionMask = 2147483647;
			files = (
			);
			inputPaths = (
			);
			name = "[CP] Copy Pods Resources";
			outputPaths = (
			);
			runOnlyForDeploymentPostprocessing = 0;
			shellPath = /bin/sh;
			shellScript = "\"${SRCROOT}/Pods/Target Support Files/Pods-Recap/Pods-Recap-resources.sh\"\n";
			showEnvVarsInLog = 0;
		};
		B8465CD53FD5323420309FEB /* [CP] Embed Pods Frameworks */ = {
			isa = PBXShellScriptBuildPhase;
			buildActionMask = 2147483647;
			files = (
			);
			inputPaths = (
			);
			name = "[CP] Embed Pods Frameworks";
			outputPaths = (
			);
			runOnlyForDeploymentPostprocessing = 0;
			shellPath = /bin/sh;
			shellScript = "\"${SRCROOT}/Pods/Target Support Files/Pods-Recap/Pods-Recap-frameworks.sh\"\n";
			showEnvVarsInLog = 0;
		};
		C3CE0E2A1E6E6605008000B1 /* R.Swift */ = {
			isa = PBXShellScriptBuildPhase;
			buildActionMask = 2147483647;
			files = (
			);
			inputPaths = (
			);
			name = R.Swift;
			outputPaths = (
			);
			runOnlyForDeploymentPostprocessing = 0;
			shellPath = /bin/sh;
			shellScript = "\"$PODS_ROOT/R.swift/rswift\" \"$SRCROOT\"";
		};
		CCE6006289710B34B6E1B954 /* [CP] Copy Pods Resources */ = {
			isa = PBXShellScriptBuildPhase;
			buildActionMask = 2147483647;
			files = (
			);
			inputPaths = (
			);
			name = "[CP] Copy Pods Resources";
			outputPaths = (
			);
			runOnlyForDeploymentPostprocessing = 0;
			shellPath = /bin/sh;
			shellScript = "\"${SRCROOT}/Pods/Target Support Files/Pods-RecapTests/Pods-RecapTests-resources.sh\"\n";
			showEnvVarsInLog = 0;
		};
		DC8C45A50436D9812C0214C5 /* [CP] Check Pods Manifest.lock */ = {
			isa = PBXShellScriptBuildPhase;
			buildActionMask = 2147483647;
			files = (
			);
			inputPaths = (
			);
			name = "[CP] Check Pods Manifest.lock";
			outputPaths = (
			);
			runOnlyForDeploymentPostprocessing = 0;
			shellPath = /bin/sh;
			shellScript = "diff \"${PODS_ROOT}/../Podfile.lock\" \"${PODS_ROOT}/Manifest.lock\" > /dev/null\nif [ $? != 0 ] ; then\n    # print error to STDERR\n    echo \"error: The sandbox is not in sync with the Podfile.lock. Run 'pod install' or update your CocoaPods installation.\" >&2\n    exit 1\nfi\n";
			showEnvVarsInLog = 0;
		};
/* End PBXShellScriptBuildPhase section */

/* Begin PBXSourcesBuildPhase section */
		C35308331E3D163600E2BD8A /* Sources */ = {
			isa = PBXSourcesBuildPhase;
			buildActionMask = 2147483647;
			files = (
				C3AE4C301EE1166F0019ED8C /* PurchaseViewModel.swift in Sources */,
				C3CE0E351E7592E2008000B1 /* Configuration.swift in Sources */,
				C31E62B41F2873550084443A /* Thumbnails.swift in Sources */,
				C30972581F30192D0040A72E /* PhotoItem.swift in Sources */,
				C3C3476A1EAAFCF50008E62E /* UIButton+Closures.swift in Sources */,
				C3C347661EA9A99D0008E62E /* InputAddressView.swift in Sources */,
				C309725F1F36C5A30040A72E /* SinglePhotoController.swift in Sources */,
				C3C347521EA83AD50008E62E /* OnboardingFlow.swift in Sources */,
				C3C7C28D1EAB9BDD0071F433 /* UIAlertController+CommonAlerts.swift in Sources */,
				C30972631F36C62A0040A72E /* SinglePhotoView.swift in Sources */,
				C3CE0E331E726EE7008000B1 /* UIBarButtonItem+Closures.swift in Sources */,
				C3CAC4841EBFA5C5007CECF3 /* SettingsViewController.swift in Sources */,
				C32652CE1F67892B0027B316 /* FriendCell.swift in Sources */,
				C3346F081E7ED4AA00A136B5 /* Date+Formatting.swift in Sources */,
				C3C3474B1EA711280008E62E /* WelcomeViewController.swift in Sources */,
				C38A88F91EE7C8C200445692 /* EmptyFilmList.swift in Sources */,
				C30972521F2E85300040A72E /* SentPhotosController.swift in Sources */,
				C353083D1E3D163600E2BD8A /* CameraViewController.swift in Sources */,
				C36A27EE1EB2E7E0008AA900 /* CameraOverlayViewModel.swift in Sources */,
				C33BD1021ECE96B300132B7D /* SentPhotosFlow.swift in Sources */,
				C330B63B1E46B82800928284 /* AddressError.swift in Sources */,
				C37C2E3B1F1172A8002DFE7D /* SignUpViewController.swift in Sources */,
				C330B6371E46A17100928284 /* Result.swift in Sources */,
				C3C347601EA865490008E62E /* EnterAddressController.swift in Sources */,
				C3AE4C2C1EDFC22D0019ED8C /* PurchaseFlow.swift in Sources */,
				C3AE4C2E1EDFC5EC0019ED8C /* CameraFlow.swift in Sources */,
				C31E62B21F28730B0084443A /* Photo.swift in Sources */,
				C3AE4C2A1EDFC1F00019ED8C /* PurchaseViewController.swift in Sources */,
				C3CAC47A1EBE1FAB007CECF3 /* PositiveAlertViewModel.swift in Sources */,
				C309725A1F342A4B0040A72E /* ImageProvider.swift in Sources */,
				C353083B1E3D163600E2BD8A /* AppDelegate.swift in Sources */,
				C37F67A61F0DEFDD005FF8EC /* LoginViewController.swift in Sources */,
				C31339801EABAAED0080A168 /* DisclaimerController.swift in Sources */,
				C3CE0E2C1E6E6730008000B1 /* R.generated.swift in Sources */,
				C32652CC1F677DD10027B316 /* FriendsListController.swift in Sources */,
				C3C347561EA83D800008E62E /* WelcomeItem.swift in Sources */,
				C3346F0A1E7ED50100A136B5 /* String+DateFormatting.swift in Sources */,
				C31339891EAD9CE10080A168 /* CameraOverlayView.swift in Sources */,
				C31339821EAC47AD0080A168 /* OnboardingCoordinator.swift in Sources */,
				C3C7C28B1EAB98340071F433 /* EnterAddressViewModel.swift in Sources */,
				C3DB8C441E4057820076B7A3 /* AddressProvider.swift in Sources */,
				C3E60EF81F11B4FD0068A28E /* API.swift in Sources */,
				C31339861EAC56720080A168 /* UserController.swift in Sources */,
				C309724E1F2C0A1B0040A72E /* PersistanceManager.swift in Sources */,
				C36EA09C1EB68FD100D37113 /* SimpleImageLabelAlert.swift in Sources */,
				C39028581EC95B0700D8E257 /* SettingsFlow.swift in Sources */,
				C30972541F2E867A0040A72E /* SentPhotosLayout.swift in Sources */,
				C3C347501EA7124B0008E62E /* UIColor+Pallette.swift in Sources */,
				C396E7BE1E5B901A009C4696 /* Postcard.swift in Sources */,
				C31339841EAC53B20080A168 /* User.swift in Sources */,
				C3DB8C471E419D550076B7A3 /* AddressParser.swift in Sources */,
				C3C347541EA83BD10008E62E /* WelcomeViewModel.swift in Sources */,
				C32BCCDB1F3C157D0080CFA0 /* AlertableError.swift in Sources */,
				C31E62B01F286A260084443A /* PhotoError.swift in Sources */,
				C39028561EC9570900D8E257 /* SettingsViewModel.swift in Sources */,
				C3A841CB1F25593D009E43BE /* ApolloWrapper.swift in Sources */,
				C396E7B81E5107B7009C4696 /* PostcardSender.swift in Sources */,
				C37F67A11F0AC247005FF8EC /* FilterProvider.swift in Sources */,
				C36A27F41EB454CA008AA900 /* PhotoTakenViewModel.swift in Sources */,
				C36A27F01EB43E6B008AA900 /* PhotoTakenView.swift in Sources */,
				C396E7BA1E5109ED009C4696 /* NetworkClient.swift in Sources */,
				C3CE0E291E6E628F008000B1 /* RootFlowCoordinator.swift in Sources */,
				C31279C31E3EF09900F52C31 /* Address.swift in Sources */,
				C3A841C91F25102C009E43BE /* GraphQLInitializers.swift in Sources */,
				C396E7BC1E5567F5009C4696 /* PostcardProvider.swift in Sources */,
				C3CE0E2E1E6E6B00008000B1 /* CameraViewModel.swift in Sources */,
				C3C347621EA9A5660008E62E /* TextInputItem.swift in Sources */,
			);
			runOnlyForDeploymentPostprocessing = 0;
		};
		C35308471E3D163700E2BD8A /* Sources */ = {
			isa = PBXSourcesBuildPhase;
			buildActionMask = 2147483647;
			files = (
			);
			runOnlyForDeploymentPostprocessing = 0;
		};
/* End PBXSourcesBuildPhase section */

/* Begin PBXTargetDependency section */
		C353084D1E3D163700E2BD8A /* PBXTargetDependency */ = {
			isa = PBXTargetDependency;
			target = C35308361E3D163600E2BD8A /* Recap */;
			targetProxy = C353084C1E3D163700E2BD8A /* PBXContainerItemProxy */;
		};
/* End PBXTargetDependency section */

/* Begin PBXVariantGroup section */
		C353083E1E3D163600E2BD8A /* Camera.storyboard */ = {
			isa = PBXVariantGroup;
			children = (
				C353083F1E3D163600E2BD8A /* Base */,
			);
			name = Camera.storyboard;
			sourceTree = "<group>";
		};
		C35308431E3D163600E2BD8A /* LaunchScreen.storyboard */ = {
			isa = PBXVariantGroup;
			children = (
				C35308441E3D163600E2BD8A /* Base */,
			);
			name = LaunchScreen.storyboard;
			sourceTree = "<group>";
		};
/* End PBXVariantGroup section */

/* Begin XCBuildConfiguration section */
		C35308521E3D163700E2BD8A /* Debug */ = {
			isa = XCBuildConfiguration;
			buildSettings = {
				ALWAYS_SEARCH_USER_PATHS = NO;
				CLANG_ANALYZER_NONNULL = YES;
				CLANG_CXX_LANGUAGE_STANDARD = "gnu++0x";
				CLANG_CXX_LIBRARY = "libc++";
				CLANG_ENABLE_MODULES = YES;
				CLANG_ENABLE_OBJC_ARC = YES;
				CLANG_WARN_BOOL_CONVERSION = YES;
				CLANG_WARN_CONSTANT_CONVERSION = YES;
				CLANG_WARN_DIRECT_OBJC_ISA_USAGE = YES_ERROR;
				CLANG_WARN_DOCUMENTATION_COMMENTS = YES;
				CLANG_WARN_EMPTY_BODY = YES;
				CLANG_WARN_ENUM_CONVERSION = YES;
				CLANG_WARN_INFINITE_RECURSION = YES;
				CLANG_WARN_INT_CONVERSION = YES;
				CLANG_WARN_OBJC_ROOT_CLASS = YES_ERROR;
				CLANG_WARN_SUSPICIOUS_MOVE = YES;
				CLANG_WARN_UNREACHABLE_CODE = YES;
				CLANG_WARN__DUPLICATE_METHOD_MATCH = YES;
				"CODE_SIGN_IDENTITY[sdk=iphoneos*]" = "iPhone Developer";
				COPY_PHASE_STRIP = NO;
				DEBUG_INFORMATION_FORMAT = dwarf;
				ENABLE_STRICT_OBJC_MSGSEND = YES;
				ENABLE_TESTABILITY = YES;
				GCC_C_LANGUAGE_STANDARD = gnu99;
				GCC_DYNAMIC_NO_PIC = NO;
				GCC_NO_COMMON_BLOCKS = YES;
				GCC_OPTIMIZATION_LEVEL = 0;
				GCC_PREPROCESSOR_DEFINITIONS = (
					"DEBUG=1",
					"$(inherited)",
				);
				GCC_WARN_64_TO_32_BIT_CONVERSION = YES;
				GCC_WARN_ABOUT_RETURN_TYPE = YES_ERROR;
				GCC_WARN_UNDECLARED_SELECTOR = YES;
				GCC_WARN_UNINITIALIZED_AUTOS = YES_AGGRESSIVE;
				GCC_WARN_UNUSED_FUNCTION = YES;
				GCC_WARN_UNUSED_VARIABLE = YES;
				IPHONEOS_DEPLOYMENT_TARGET = 10.2;
				MTL_ENABLE_DEBUG_INFO = YES;
				ONLY_ACTIVE_ARCH = YES;
				SDKROOT = iphoneos;
				SWIFT_ACTIVE_COMPILATION_CONDITIONS = DEBUG;
				SWIFT_OPTIMIZATION_LEVEL = "-Onone";
				TARGETED_DEVICE_FAMILY = "1,2";
			};
			name = Debug;
		};
		C35308531E3D163700E2BD8A /* Release */ = {
			isa = XCBuildConfiguration;
			buildSettings = {
				ALWAYS_SEARCH_USER_PATHS = NO;
				CLANG_ANALYZER_NONNULL = YES;
				CLANG_CXX_LANGUAGE_STANDARD = "gnu++0x";
				CLANG_CXX_LIBRARY = "libc++";
				CLANG_ENABLE_MODULES = YES;
				CLANG_ENABLE_OBJC_ARC = YES;
				CLANG_WARN_BOOL_CONVERSION = YES;
				CLANG_WARN_CONSTANT_CONVERSION = YES;
				CLANG_WARN_DIRECT_OBJC_ISA_USAGE = YES_ERROR;
				CLANG_WARN_DOCUMENTATION_COMMENTS = YES;
				CLANG_WARN_EMPTY_BODY = YES;
				CLANG_WARN_ENUM_CONVERSION = YES;
				CLANG_WARN_INFINITE_RECURSION = YES;
				CLANG_WARN_INT_CONVERSION = YES;
				CLANG_WARN_OBJC_ROOT_CLASS = YES_ERROR;
				CLANG_WARN_SUSPICIOUS_MOVE = YES;
				CLANG_WARN_UNREACHABLE_CODE = YES;
				CLANG_WARN__DUPLICATE_METHOD_MATCH = YES;
				"CODE_SIGN_IDENTITY[sdk=iphoneos*]" = "iPhone Developer";
				COPY_PHASE_STRIP = NO;
				DEBUG_INFORMATION_FORMAT = "dwarf-with-dsym";
				ENABLE_NS_ASSERTIONS = NO;
				ENABLE_STRICT_OBJC_MSGSEND = YES;
				GCC_C_LANGUAGE_STANDARD = gnu99;
				GCC_NO_COMMON_BLOCKS = YES;
				GCC_WARN_64_TO_32_BIT_CONVERSION = YES;
				GCC_WARN_ABOUT_RETURN_TYPE = YES_ERROR;
				GCC_WARN_UNDECLARED_SELECTOR = YES;
				GCC_WARN_UNINITIALIZED_AUTOS = YES_AGGRESSIVE;
				GCC_WARN_UNUSED_FUNCTION = YES;
				GCC_WARN_UNUSED_VARIABLE = YES;
				IPHONEOS_DEPLOYMENT_TARGET = 10.2;
				MTL_ENABLE_DEBUG_INFO = NO;
				SDKROOT = iphoneos;
				SWIFT_OPTIMIZATION_LEVEL = "-Owholemodule";
				TARGETED_DEVICE_FAMILY = "1,2";
				VALIDATE_PRODUCT = YES;
			};
			name = Release;
		};
		C35308551E3D163700E2BD8A /* Debug */ = {
			isa = XCBuildConfiguration;
			baseConfigurationReference = 86480A54151BC1AE48383D52 /* Pods-Recap.debug.xcconfig */;
			buildSettings = {
				ASSETCATALOG_COMPILER_APPICON_NAME = AppIcon;
				"CODE_SIGN_IDENTITY[sdk=iphoneos*]" = "iPhone Developer";
				DEVELOPMENT_TEAM = 9GFQY5F3X4;
				INFOPLIST_FILE = "$(SRCROOT)/Recap/Info.plist";
				IPHONEOS_DEPLOYMENT_TARGET = 10.0;
				LD_RUNPATH_SEARCH_PATHS = "$(inherited) @executable_path/Frameworks";
				PRODUCT_BUNDLE_IDENTIFIER = com.brashear.recap;
				PRODUCT_NAME = "$(TARGET_NAME)";
				SWIFT_VERSION = 3.0;
			};
			name = Debug;
		};
		C35308561E3D163700E2BD8A /* Release */ = {
			isa = XCBuildConfiguration;
			baseConfigurationReference = 26C57B94D587DF7C93C5AAFF /* Pods-Recap.release.xcconfig */;
			buildSettings = {
				ASSETCATALOG_COMPILER_APPICON_NAME = AppIcon;
				"CODE_SIGN_IDENTITY[sdk=iphoneos*]" = "iPhone Developer";
				DEVELOPMENT_TEAM = 9GFQY5F3X4;
				INFOPLIST_FILE = "$(SRCROOT)/Recap/Info.plist";
				IPHONEOS_DEPLOYMENT_TARGET = 10.0;
				LD_RUNPATH_SEARCH_PATHS = "$(inherited) @executable_path/Frameworks";
				PRODUCT_BUNDLE_IDENTIFIER = com.brashear.recap;
				PRODUCT_NAME = "$(TARGET_NAME)";
				SWIFT_VERSION = 3.0;
			};
			name = Release;
		};
		C35308581E3D163700E2BD8A /* Debug */ = {
			isa = XCBuildConfiguration;
			baseConfigurationReference = 5D60C425F5CD1944B9CF4367 /* Pods-RecapTests.debug.xcconfig */;
			buildSettings = {
				ALWAYS_EMBED_SWIFT_STANDARD_LIBRARIES = YES;
				BUNDLE_LOADER = "$(TEST_HOST)";
				DEVELOPMENT_TEAM = 9GFQY5F3X4;
				INFOPLIST_FILE = MeMailer5000Tests/Info.plist;
				LD_RUNPATH_SEARCH_PATHS = "$(inherited) @executable_path/Frameworks @loader_path/Frameworks";
				PRODUCT_BUNDLE_IDENTIFIER = com.memailer.MeMailer5000Tests;
				PRODUCT_NAME = "$(TARGET_NAME)";
				SWIFT_VERSION = 3.0;
				TEST_HOST = "$(BUILT_PRODUCTS_DIR)/Recap.app/Recap";
			};
			name = Debug;
		};
		C35308591E3D163700E2BD8A /* Release */ = {
			isa = XCBuildConfiguration;
			baseConfigurationReference = EDCD6FD234A482CFF7BC8C6F /* Pods-RecapTests.release.xcconfig */;
			buildSettings = {
				ALWAYS_EMBED_SWIFT_STANDARD_LIBRARIES = YES;
				BUNDLE_LOADER = "$(TEST_HOST)";
				DEVELOPMENT_TEAM = 9GFQY5F3X4;
				INFOPLIST_FILE = MeMailer5000Tests/Info.plist;
				LD_RUNPATH_SEARCH_PATHS = "$(inherited) @executable_path/Frameworks @loader_path/Frameworks";
				PRODUCT_BUNDLE_IDENTIFIER = com.memailer.MeMailer5000Tests;
				PRODUCT_NAME = "$(TARGET_NAME)";
				SWIFT_VERSION = 3.0;
				TEST_HOST = "$(BUILT_PRODUCTS_DIR)/Recap.app/Recap";
			};
			name = Release;
		};
/* End XCBuildConfiguration section */

/* Begin XCConfigurationList section */
		C35308321E3D163600E2BD8A /* Build configuration list for PBXProject "Recap" */ = {
			isa = XCConfigurationList;
			buildConfigurations = (
				C35308521E3D163700E2BD8A /* Debug */,
				C35308531E3D163700E2BD8A /* Release */,
			);
			defaultConfigurationIsVisible = 0;
			defaultConfigurationName = Release;
		};
		C35308541E3D163700E2BD8A /* Build configuration list for PBXNativeTarget "Recap" */ = {
			isa = XCConfigurationList;
			buildConfigurations = (
				C35308551E3D163700E2BD8A /* Debug */,
				C35308561E3D163700E2BD8A /* Release */,
			);
			defaultConfigurationIsVisible = 0;
			defaultConfigurationName = Release;
		};
		C35308571E3D163700E2BD8A /* Build configuration list for PBXNativeTarget "RecapTests" */ = {
			isa = XCConfigurationList;
			buildConfigurations = (
				C35308581E3D163700E2BD8A /* Debug */,
				C35308591E3D163700E2BD8A /* Release */,
			);
			defaultConfigurationIsVisible = 0;
			defaultConfigurationName = Release;
		};
/* End XCConfigurationList section */
	};
	rootObject = C353082F1E3D163600E2BD8A /* Project object */;
}
